// !$*UTF8*$!
{
	archiveVersion = 1;
	classes = {
	};
	objectVersion = 56;
	objects = {

/* Begin PBXBuildFile section */
		58F022842A440F9C00980667 /* AerohLinkApp.swift in Sources */ = {isa = PBXBuildFile; fileRef = 58F022832A440F9C00980667 /* AerohLinkApp.swift */; };
		58F022862A440F9C00980667 /* ContentView.swift in Sources */ = {isa = PBXBuildFile; fileRef = 58F022852A440F9C00980667 /* ContentView.swift */; };
		58F022882A440F9D00980667 /* Assets.xcassets in Resources */ = {isa = PBXBuildFile; fileRef = 58F022872A440F9D00980667 /* Assets.xcassets */; };
		58F0228B2A440F9D00980667 /* Preview Assets.xcassets in Resources */ = {isa = PBXBuildFile; fileRef = 58F0228A2A440F9D00980667 /* Preview Assets.xcassets */; };
		58F022952A440F9D00980667 /* AerohLinkTests.swift in Sources */ = {isa = PBXBuildFile; fileRef = 58F022942A440F9D00980667 /* AerohLinkTests.swift */; };
		58F0229F2A440F9D00980667 /* AerohLinkUITests.swift in Sources */ = {isa = PBXBuildFile; fileRef = 58F0229E2A440F9D00980667 /* AerohLinkUITests.swift */; };
		58F022A12A440F9D00980667 /* AerohLinkUITestsLaunchTests.swift in Sources */ = {isa = PBXBuildFile; fileRef = 58F022A02A440F9D00980667 /* AerohLinkUITestsLaunchTests.swift */; };
		911341422A49620200694A17 /* SignupScreen.swift in Sources */ = {isa = PBXBuildFile; fileRef = 911341412A49620200694A17 /* SignupScreen.swift */; };
		911FE6152A77AD630059E69C /* LoginScreen.swift in Sources */ = {isa = PBXBuildFile; fileRef = 911FE6142A77AD630059E69C /* LoginScreen.swift */; };
		911FE6172A7D07160059E69C /* UserController.swift in Sources */ = {isa = PBXBuildFile; fileRef = 911FE6162A7D07160059E69C /* UserController.swift */; };
		911FE6192A8100D70059E69C /* UserInfo.swift in Sources */ = {isa = PBXBuildFile; fileRef = 911FE6182A8100D70059E69C /* UserInfo.swift */; };
		916769842AB1C1D700E7873E /* DeviceRenameScreen.swift in Sources */ = {isa = PBXBuildFile; fileRef = 916769832AB1C1D700E7873E /* DeviceRenameScreen.swift */; };
		916769862AB1C9CC00E7873E /* ChangeDeviceTypeScreen.swift in Sources */ = {isa = PBXBuildFile; fileRef = 916769852AB1C9CC00E7873E /* ChangeDeviceTypeScreen.swift */; };
		916769882AB1DCA200E7873E /* ChangeRoomNameScreen.swift in Sources */ = {isa = PBXBuildFile; fileRef = 916769872AB1DCA200E7873E /* ChangeRoomNameScreen.swift */; };
		918B84E92A4576D600C4FD75 /* OnboardingScreenView.swift in Sources */ = {isa = PBXBuildFile; fileRef = 918B84E82A4576D600C4FD75 /* OnboardingScreenView.swift */; };
		918B84EB2A45798700C4FD75 /* SplashScreen.swift in Sources */ = {isa = PBXBuildFile; fileRef = 918B84EA2A45798700C4FD75 /* SplashScreen.swift */; };
		918BEDC32AA212FC001CFF59 /* SettingsPage.swift in Sources */ = {isa = PBXBuildFile; fileRef = 918BEDC22AA212FC001CFF59 /* SettingsPage.swift */; };
		918EA3E22AB9A0D3002AA904 /* UIDeviceExtension.swift in Sources */ = {isa = PBXBuildFile; fileRef = 918EA3E12AB9A0D3002AA904 /* UIDeviceExtension.swift */; };
		918EA3E42AB9A4A7002AA904 /* BundleExtension.swift in Sources */ = {isa = PBXBuildFile; fileRef = 918EA3E32AB9A4A7002AA904 /* BundleExtension.swift */; };
		918EA3E62AB9A4E4002AA904 /* DeviceModels.json in Resources */ = {isa = PBXBuildFile; fileRef = 918EA3E52AB9A4E4002AA904 /* DeviceModels.json */; };
		918EA3EA2AB9AE1C002AA904 /* SupportEmail.swift in Sources */ = {isa = PBXBuildFile; fileRef = 918EA3E92AB9AE1C002AA904 /* SupportEmail.swift */; };
		918EA3EF2AB9ED29002AA904 /* ErrorModalComponent.swift in Sources */ = {isa = PBXBuildFile; fileRef = 918EA3EE2AB9ED29002AA904 /* ErrorModalComponent.swift */; };
		9193EF582A6E35BC00F4DBDB /* EnvConstants.swift in Sources */ = {isa = PBXBuildFile; fileRef = 9193EF572A6E35BC00F4DBDB /* EnvConstants.swift */; };
		9193EF5E2A73F35A00F4DBDB /* LoginManager.swift in Sources */ = {isa = PBXBuildFile; fileRef = 9193EF5D2A73F35900F4DBDB /* LoginManager.swift */; };
		9193EF602A740FFE00F4DBDB /* UserModel.swift in Sources */ = {isa = PBXBuildFile; fileRef = 9193EF5F2A740FFE00F4DBDB /* UserModel.swift */; };
		91A37AC22AB09CC800E9B929 /* DeviceSettingsScreen.swift in Sources */ = {isa = PBXBuildFile; fileRef = 91A37AC12AB09CC800E9B929 /* DeviceSettingsScreen.swift */; };
		91AD20AF2A5FA67C008D521D /* SignupController.swift in Sources */ = {isa = PBXBuildFile; fileRef = 91AD20AE2A5FA67C008D521D /* SignupController.swift */; };
		91AD20B12A5FA736008D521D /* SignatureController.swift in Sources */ = {isa = PBXBuildFile; fileRef = 91AD20B02A5FA736008D521D /* SignatureController.swift */; };
		91AD20B42A5FA75F008D521D /* TimestampGenerator.swift in Sources */ = {isa = PBXBuildFile; fileRef = 91AD20B32A5FA75F008D521D /* TimestampGenerator.swift */; };
		91AD20B92A5FA80F008D521D /* KeyChainManager.swift in Sources */ = {isa = PBXBuildFile; fileRef = 91AD20B82A5FA80F008D521D /* KeyChainManager.swift */; };
		91AD20BF2A5FAA24008D521D /* APIManager.swift in Sources */ = {isa = PBXBuildFile; fileRef = 91AD20BE2A5FAA24008D521D /* APIManager.swift */; };
		91AD20C12A5FAA49008D521D /* LoginController.swift in Sources */ = {isa = PBXBuildFile; fileRef = 91AD20C02A5FAA49008D521D /* LoginController.swift */; };
		91AD20C62A5FAB70008D521D /* AppConstants.swift in Sources */ = {isa = PBXBuildFile; fileRef = 91AD20C52A5FAB70008D521D /* AppConstants.swift */; };
		91AD20C92A5FB2D1008D521D /* Alamofire in Frameworks */ = {isa = PBXBuildFile; productRef = 91AD20C82A5FB2D1008D521D /* Alamofire */; };
		91AD20CB2A5FC120008D521D /* HomeScreen.swift in Sources */ = {isa = PBXBuildFile; fileRef = 91AD20CA2A5FC120008D521D /* HomeScreen.swift */; };
		91BC848D2A8CC58100C4C46E /* SearchBluetoothDevices.swift in Sources */ = {isa = PBXBuildFile; fileRef = 91BC848C2A8CC58100C4C46E /* SearchBluetoothDevices.swift */; };
		91BC848F2A8D23F500C4C46E /* DeviceNamingScreen.swift in Sources */ = {isa = PBXBuildFile; fileRef = 91BC848E2A8D23F500C4C46E /* DeviceNamingScreen.swift */; };
		91CB07B02A840BEF00573301 /* DeviceController.swift in Sources */ = {isa = PBXBuildFile; fileRef = 91CB07AF2A840BEF00573301 /* DeviceController.swift */; };
		91CB07B42A84EC3900573301 /* DeviceModel.swift in Sources */ = {isa = PBXBuildFile; fileRef = 91CB07B32A84EC3900573301 /* DeviceModel.swift */; };
		91DC89A72A8FC8B60086A033 /* WifiConnectionScreen.swift in Sources */ = {isa = PBXBuildFile; fileRef = 91DC89A62A8FC8B60086A033 /* WifiConnectionScreen.swift */; };
		91EE19192AB1830100D4BC41 /* DeviceInfoScreen.swift in Sources */ = {isa = PBXBuildFile; fileRef = 91EE19182AB1830100D4BC41 /* DeviceInfoScreen.swift */; };
		91EFEB0C2AAF3318000A61B6 /* DeviceTypeSelectionScreen.swift in Sources */ = {isa = PBXBuildFile; fileRef = 91EFEB0B2AAF3318000A61B6 /* DeviceTypeSelectionScreen.swift */; };
		91EFEB0E2AAF5FA7000A61B6 /* DeviceControlScreen.swift in Sources */ = {isa = PBXBuildFile; fileRef = 91EFEB0D2AAF5FA7000A61B6 /* DeviceControlScreen.swift */; };
		91FECB5E2AAB524B00D3BEC2 /* NewDeviceController.swift in Sources */ = {isa = PBXBuildFile; fileRef = 91FECB5D2AAB524B00D3BEC2 /* NewDeviceController.swift */; };
/* End PBXBuildFile section */

/* Begin PBXContainerItemProxy section */
		58F022912A440F9D00980667 /* PBXContainerItemProxy */ = {
			isa = PBXContainerItemProxy;
			containerPortal = 58F022782A440F9C00980667 /* Project object */;
			proxyType = 1;
			remoteGlobalIDString = 58F0227F2A440F9C00980667;
			remoteInfo = AerohLink;
		};
		58F0229B2A440F9D00980667 /* PBXContainerItemProxy */ = {
			isa = PBXContainerItemProxy;
			containerPortal = 58F022782A440F9C00980667 /* Project object */;
			proxyType = 1;
			remoteGlobalIDString = 58F0227F2A440F9C00980667;
			remoteInfo = AerohLink;
		};
/* End PBXContainerItemProxy section */

/* Begin PBXFileReference section */
		58A97CEA2AAAA3A6009261FA /* AerohLinkDebug.entitlements */ = {isa = PBXFileReference; lastKnownFileType = text.plist.entitlements; path = AerohLinkDebug.entitlements; sourceTree = "<group>"; };
		58F022802A440F9C00980667 /* AerohLink.app */ = {isa = PBXFileReference; explicitFileType = wrapper.application; includeInIndex = 0; path = AerohLink.app; sourceTree = BUILT_PRODUCTS_DIR; };
		58F022832A440F9C00980667 /* AerohLinkApp.swift */ = {isa = PBXFileReference; lastKnownFileType = sourcecode.swift; path = AerohLinkApp.swift; sourceTree = "<group>"; };
		58F022852A440F9C00980667 /* ContentView.swift */ = {isa = PBXFileReference; lastKnownFileType = sourcecode.swift; path = ContentView.swift; sourceTree = "<group>"; };
		58F022872A440F9D00980667 /* Assets.xcassets */ = {isa = PBXFileReference; lastKnownFileType = folder.assetcatalog; path = Assets.xcassets; sourceTree = "<group>"; };
		58F0228A2A440F9D00980667 /* Preview Assets.xcassets */ = {isa = PBXFileReference; lastKnownFileType = folder.assetcatalog; path = "Preview Assets.xcassets"; sourceTree = "<group>"; };
		58F022902A440F9D00980667 /* AerohLinkTests.xctest */ = {isa = PBXFileReference; explicitFileType = wrapper.cfbundle; includeInIndex = 0; path = AerohLinkTests.xctest; sourceTree = BUILT_PRODUCTS_DIR; };
		58F022942A440F9D00980667 /* AerohLinkTests.swift */ = {isa = PBXFileReference; lastKnownFileType = sourcecode.swift; path = AerohLinkTests.swift; sourceTree = "<group>"; };
		58F0229A2A440F9D00980667 /* AerohLinkUITests.xctest */ = {isa = PBXFileReference; explicitFileType = wrapper.cfbundle; includeInIndex = 0; path = AerohLinkUITests.xctest; sourceTree = BUILT_PRODUCTS_DIR; };
		58F0229E2A440F9D00980667 /* AerohLinkUITests.swift */ = {isa = PBXFileReference; lastKnownFileType = sourcecode.swift; path = AerohLinkUITests.swift; sourceTree = "<group>"; };
		58F022A02A440F9D00980667 /* AerohLinkUITestsLaunchTests.swift */ = {isa = PBXFileReference; lastKnownFileType = sourcecode.swift; path = AerohLinkUITestsLaunchTests.swift; sourceTree = "<group>"; };
		911341412A49620200694A17 /* SignupScreen.swift */ = {isa = PBXFileReference; lastKnownFileType = sourcecode.swift; path = SignupScreen.swift; sourceTree = "<group>"; };
		911FE6142A77AD630059E69C /* LoginScreen.swift */ = {isa = PBXFileReference; fileEncoding = 4; lastKnownFileType = sourcecode.swift; path = LoginScreen.swift; sourceTree = "<group>"; };
		911FE6162A7D07160059E69C /* UserController.swift */ = {isa = PBXFileReference; lastKnownFileType = sourcecode.swift; path = UserController.swift; sourceTree = "<group>"; };
		911FE6182A8100D70059E69C /* UserInfo.swift */ = {isa = PBXFileReference; lastKnownFileType = sourcecode.swift; path = UserInfo.swift; sourceTree = "<group>"; };
		916769832AB1C1D700E7873E /* DeviceRenameScreen.swift */ = {isa = PBXFileReference; lastKnownFileType = sourcecode.swift; path = DeviceRenameScreen.swift; sourceTree = "<group>"; };
		916769852AB1C9CC00E7873E /* ChangeDeviceTypeScreen.swift */ = {isa = PBXFileReference; lastKnownFileType = sourcecode.swift; path = ChangeDeviceTypeScreen.swift; sourceTree = "<group>"; };
		916769872AB1DCA200E7873E /* ChangeRoomNameScreen.swift */ = {isa = PBXFileReference; lastKnownFileType = sourcecode.swift; path = ChangeRoomNameScreen.swift; sourceTree = "<group>"; };
		917EB5D22AA633E000407F43 /* NetworkExtension.framework */ = {isa = PBXFileReference; lastKnownFileType = wrapper.framework; name = NetworkExtension.framework; path = System/Library/Frameworks/NetworkExtension.framework; sourceTree = SDKROOT; };
		918B84E82A4576D600C4FD75 /* OnboardingScreenView.swift */ = {isa = PBXFileReference; lastKnownFileType = sourcecode.swift; path = OnboardingScreenView.swift; sourceTree = "<group>"; };
		918B84EA2A45798700C4FD75 /* SplashScreen.swift */ = {isa = PBXFileReference; lastKnownFileType = sourcecode.swift; path = SplashScreen.swift; sourceTree = "<group>"; };
		918B84EC2A457A5900C4FD75 /* Info.plist */ = {isa = PBXFileReference; lastKnownFileType = text.plist; path = Info.plist; sourceTree = SOURCE_ROOT; };
		918BEDC22AA212FC001CFF59 /* SettingsPage.swift */ = {isa = PBXFileReference; lastKnownFileType = sourcecode.swift; path = SettingsPage.swift; sourceTree = "<group>"; };
		918EA3E12AB9A0D3002AA904 /* UIDeviceExtension.swift */ = {isa = PBXFileReference; lastKnownFileType = sourcecode.swift; path = UIDeviceExtension.swift; sourceTree = "<group>"; };
		918EA3E32AB9A4A7002AA904 /* BundleExtension.swift */ = {isa = PBXFileReference; lastKnownFileType = sourcecode.swift; path = BundleExtension.swift; sourceTree = "<group>"; };
		918EA3E52AB9A4E4002AA904 /* DeviceModels.json */ = {isa = PBXFileReference; fileEncoding = 4; lastKnownFileType = text.json; name = DeviceModels.json; path = ../../../../../Downloads/DeviceModels.json; sourceTree = "<group>"; };
		918EA3E72AB9A52D002AA904 /* DeviceModels.json */ = {isa = PBXFileReference; lastKnownFileType = text.json; path = DeviceModels.json; sourceTree = "<group>"; };
		918EA3E92AB9AE1C002AA904 /* SupportEmail.swift */ = {isa = PBXFileReference; lastKnownFileType = sourcecode.swift; path = SupportEmail.swift; sourceTree = "<group>"; };
		918EA3EE2AB9ED29002AA904 /* ErrorModalComponent.swift */ = {isa = PBXFileReference; lastKnownFileType = sourcecode.swift; path = ErrorModalComponent.swift; sourceTree = "<group>"; };
		9193EF572A6E35BC00F4DBDB /* EnvConstants.swift */ = {isa = PBXFileReference; lastKnownFileType = sourcecode.swift; path = EnvConstants.swift; sourceTree = "<group>"; };
		9193EF5D2A73F35900F4DBDB /* LoginManager.swift */ = {isa = PBXFileReference; lastKnownFileType = sourcecode.swift; path = LoginManager.swift; sourceTree = "<group>"; };
		9193EF5F2A740FFE00F4DBDB /* UserModel.swift */ = {isa = PBXFileReference; fileEncoding = 4; lastKnownFileType = sourcecode.swift; path = UserModel.swift; sourceTree = "<group>"; };
		91A37AC12AB09CC800E9B929 /* DeviceSettingsScreen.swift */ = {isa = PBXFileReference; lastKnownFileType = sourcecode.swift; path = DeviceSettingsScreen.swift; sourceTree = "<group>"; };
		91AD20AE2A5FA67C008D521D /* SignupController.swift */ = {isa = PBXFileReference; fileEncoding = 4; lastKnownFileType = sourcecode.swift; path = SignupController.swift; sourceTree = "<group>"; };
		91AD20B02A5FA736008D521D /* SignatureController.swift */ = {isa = PBXFileReference; fileEncoding = 4; lastKnownFileType = sourcecode.swift; path = SignatureController.swift; sourceTree = "<group>"; };
		91AD20B32A5FA75F008D521D /* TimestampGenerator.swift */ = {isa = PBXFileReference; fileEncoding = 4; lastKnownFileType = sourcecode.swift; path = TimestampGenerator.swift; sourceTree = "<group>"; };
		91AD20B82A5FA80F008D521D /* KeyChainManager.swift */ = {isa = PBXFileReference; fileEncoding = 4; lastKnownFileType = sourcecode.swift; path = KeyChainManager.swift; sourceTree = "<group>"; };
		91AD20BE2A5FAA24008D521D /* APIManager.swift */ = {isa = PBXFileReference; fileEncoding = 4; lastKnownFileType = sourcecode.swift; path = APIManager.swift; sourceTree = "<group>"; };
		91AD20C02A5FAA49008D521D /* LoginController.swift */ = {isa = PBXFileReference; fileEncoding = 4; lastKnownFileType = sourcecode.swift; path = LoginController.swift; sourceTree = "<group>"; };
		91AD20C52A5FAB70008D521D /* AppConstants.swift */ = {isa = PBXFileReference; fileEncoding = 4; lastKnownFileType = sourcecode.swift; path = AppConstants.swift; sourceTree = "<group>"; };
		91AD20CA2A5FC120008D521D /* HomeScreen.swift */ = {isa = PBXFileReference; lastKnownFileType = sourcecode.swift; path = HomeScreen.swift; sourceTree = "<group>"; };
		91BC848C2A8CC58100C4C46E /* SearchBluetoothDevices.swift */ = {isa = PBXFileReference; lastKnownFileType = sourcecode.swift; path = SearchBluetoothDevices.swift; sourceTree = "<group>"; };
		91BC848E2A8D23F500C4C46E /* DeviceNamingScreen.swift */ = {isa = PBXFileReference; lastKnownFileType = sourcecode.swift; path = DeviceNamingScreen.swift; sourceTree = "<group>"; };
		91CB07AF2A840BEF00573301 /* DeviceController.swift */ = {isa = PBXFileReference; lastKnownFileType = sourcecode.swift; path = DeviceController.swift; sourceTree = "<group>"; };
		91CB07B32A84EC3900573301 /* DeviceModel.swift */ = {isa = PBXFileReference; lastKnownFileType = sourcecode.swift; path = DeviceModel.swift; sourceTree = "<group>"; };
		91DC89A62A8FC8B60086A033 /* WifiConnectionScreen.swift */ = {isa = PBXFileReference; lastKnownFileType = sourcecode.swift; path = WifiConnectionScreen.swift; sourceTree = "<group>"; };
		91EE19182AB1830100D4BC41 /* DeviceInfoScreen.swift */ = {isa = PBXFileReference; lastKnownFileType = sourcecode.swift; path = DeviceInfoScreen.swift; sourceTree = "<group>"; };
		91EFEB0B2AAF3318000A61B6 /* DeviceTypeSelectionScreen.swift */ = {isa = PBXFileReference; lastKnownFileType = sourcecode.swift; path = DeviceTypeSelectionScreen.swift; sourceTree = "<group>"; };
		91EFEB0D2AAF5FA7000A61B6 /* DeviceControlScreen.swift */ = {isa = PBXFileReference; lastKnownFileType = sourcecode.swift; path = DeviceControlScreen.swift; sourceTree = "<group>"; };
		91FECB5D2AAB524B00D3BEC2 /* NewDeviceController.swift */ = {isa = PBXFileReference; lastKnownFileType = sourcecode.swift; path = NewDeviceController.swift; sourceTree = "<group>"; };
/* End PBXFileReference section */

/* Begin PBXFrameworksBuildPhase section */
		58F0227D2A440F9C00980667 /* Frameworks */ = {
			isa = PBXFrameworksBuildPhase;
			buildActionMask = 2147483647;
			files = (
				91AD20C92A5FB2D1008D521D /* Alamofire in Frameworks */,
			);
			runOnlyForDeploymentPostprocessing = 0;
		};
		58F0228D2A440F9D00980667 /* Frameworks */ = {
			isa = PBXFrameworksBuildPhase;
			buildActionMask = 2147483647;
			files = (
			);
			runOnlyForDeploymentPostprocessing = 0;
		};
		58F022972A440F9D00980667 /* Frameworks */ = {
			isa = PBXFrameworksBuildPhase;
			buildActionMask = 2147483647;
			files = (
			);
			runOnlyForDeploymentPostprocessing = 0;
		};
/* End PBXFrameworksBuildPhase section */

/* Begin PBXGroup section */
		58F022772A440F9C00980667 = {
			isa = PBXGroup;
			children = (
				58F022822A440F9C00980667 /* AerohLink */,
				58F022932A440F9D00980667 /* AerohLinkTests */,
				58F0229D2A440F9D00980667 /* AerohLinkUITests */,
				58F022812A440F9C00980667 /* Products */,
				917EB5D12AA633DF00407F43 /* Frameworks */,
			);
			sourceTree = "<group>";
		};
		58F022812A440F9C00980667 /* Products */ = {
			isa = PBXGroup;
			children = (
				58F022802A440F9C00980667 /* AerohLink.app */,
				58F022902A440F9D00980667 /* AerohLinkTests.xctest */,
				58F0229A2A440F9D00980667 /* AerohLinkUITests.xctest */,
			);
			name = Products;
			sourceTree = "<group>";
		};
		58F022822A440F9C00980667 /* AerohLink */ = {
			isa = PBXGroup;
			children = (
				918EA3E02AB9A0A9002AA904 /* Extensions */,
				58A97CEA2AAAA3A6009261FA /* AerohLinkDebug.entitlements */,
				91AD20C42A5FAB5B008D521D /* Constants */,
				91AD20B52A5FA7E8008D521D /* Models */,
				91AD20AD2A5FA621008D521D /* Controllers */,
				918B84EC2A457A5900C4FD75 /* Info.plist */,
				918B84E72A4576C000C4FD75 /* Views */,
				58F022832A440F9C00980667 /* AerohLinkApp.swift */,
				58F022872A440F9D00980667 /* Assets.xcassets */,
				918EA3E72AB9A52D002AA904 /* DeviceModels.json */,
				58F022892A440F9D00980667 /* Preview Content */,
			);
			path = AerohLink;
			sourceTree = "<group>";
		};
		58F022892A440F9D00980667 /* Preview Content */ = {
			isa = PBXGroup;
			children = (
				918EA3E52AB9A4E4002AA904 /* DeviceModels.json */,
				58F0228A2A440F9D00980667 /* Preview Assets.xcassets */,
			);
			path = "Preview Content";
			sourceTree = "<group>";
		};
		58F022932A440F9D00980667 /* AerohLinkTests */ = {
			isa = PBXGroup;
			children = (
				58F022942A440F9D00980667 /* AerohLinkTests.swift */,
			);
			path = AerohLinkTests;
			sourceTree = "<group>";
		};
		58F0229D2A440F9D00980667 /* AerohLinkUITests */ = {
			isa = PBXGroup;
			children = (
				58F0229E2A440F9D00980667 /* AerohLinkUITests.swift */,
				58F022A02A440F9D00980667 /* AerohLinkUITestsLaunchTests.swift */,
			);
			path = AerohLinkUITests;
			sourceTree = "<group>";
		};
		917EB5D12AA633DF00407F43 /* Frameworks */ = {
			isa = PBXGroup;
			children = (
				917EB5D22AA633E000407F43 /* NetworkExtension.framework */,
			);
			name = Frameworks;
			sourceTree = "<group>";
		};
		918B84E72A4576C000C4FD75 /* Views */ = {
			isa = PBXGroup;
			children = (
				918EA3ED2AB9ED0A002AA904 /* Components */,
				58F022852A440F9C00980667 /* ContentView.swift */,
				918B84E82A4576D600C4FD75 /* OnboardingScreenView.swift */,
				918B84EA2A45798700C4FD75 /* SplashScreen.swift */,
				911FE6142A77AD630059E69C /* LoginScreen.swift */,
				911341412A49620200694A17 /* SignupScreen.swift */,
				91AD20CA2A5FC120008D521D /* HomeScreen.swift */,
				91BC848C2A8CC58100C4C46E /* SearchBluetoothDevices.swift */,
				91BC848E2A8D23F500C4C46E /* DeviceNamingScreen.swift */,
				918BEDC22AA212FC001CFF59 /* SettingsPage.swift */,
				91DC89A62A8FC8B60086A033 /* WifiConnectionScreen.swift */,
				91EFEB0B2AAF3318000A61B6 /* DeviceTypeSelectionScreen.swift */,
				91EFEB0D2AAF5FA7000A61B6 /* DeviceControlScreen.swift */,
				91A37AC12AB09CC800E9B929 /* DeviceSettingsScreen.swift */,
				91EE19182AB1830100D4BC41 /* DeviceInfoScreen.swift */,
				916769832AB1C1D700E7873E /* DeviceRenameScreen.swift */,
				916769852AB1C9CC00E7873E /* ChangeDeviceTypeScreen.swift */,
				916769872AB1DCA200E7873E /* ChangeRoomNameScreen.swift */,
			);
			path = Views;
			sourceTree = "<group>";
		};
		918EA3E02AB9A0A9002AA904 /* Extensions */ = {
			isa = PBXGroup;
			children = (
				918EA3E12AB9A0D3002AA904 /* UIDeviceExtension.swift */,
				918EA3E32AB9A4A7002AA904 /* BundleExtension.swift */,
			);
			path = Extensions;
			sourceTree = "<group>";
		};
		918EA3ED2AB9ED0A002AA904 /* Components */ = {
			isa = PBXGroup;
			children = (
				918EA3EE2AB9ED29002AA904 /* ErrorModalComponent.swift */,
			);
			path = Components;
			sourceTree = "<group>";
		};
		91AD20AD2A5FA621008D521D /* Controllers */ = {
			isa = PBXGroup;
			children = (
				91AD20B22A5FA744008D521D /* Utilities */,
				91AD20BE2A5FAA24008D521D /* APIManager.swift */,
				91AD20C02A5FAA49008D521D /* LoginController.swift */,
				91AD20AE2A5FA67C008D521D /* SignupController.swift */,
				91AD20B02A5FA736008D521D /* SignatureController.swift */,
				9193EF5D2A73F35900F4DBDB /* LoginManager.swift */,
				911FE6162A7D07160059E69C /* UserController.swift */,
				91CB07AF2A840BEF00573301 /* DeviceController.swift */,
				91FECB5D2AAB524B00D3BEC2 /* NewDeviceController.swift */,
			);
			path = Controllers;
			sourceTree = "<group>";
		};
		91AD20B22A5FA744008D521D /* Utilities */ = {
			isa = PBXGroup;
			children = (
				91AD20B32A5FA75F008D521D /* TimestampGenerator.swift */,
			);
			path = Utilities;
			sourceTree = "<group>";
		};
		91AD20B52A5FA7E8008D521D /* Models */ = {
			isa = PBXGroup;
			children = (
				9193EF5F2A740FFE00F4DBDB /* UserModel.swift */,
				91AD20B82A5FA80F008D521D /* KeyChainManager.swift */,
				911FE6182A8100D70059E69C /* UserInfo.swift */,
				91CB07B32A84EC3900573301 /* DeviceModel.swift */,
				918EA3E92AB9AE1C002AA904 /* SupportEmail.swift */,
			);
			path = Models;
			sourceTree = "<group>";
		};
		91AD20C42A5FAB5B008D521D /* Constants */ = {
			isa = PBXGroup;
			children = (
				91AD20C52A5FAB70008D521D /* AppConstants.swift */,
				9193EF572A6E35BC00F4DBDB /* EnvConstants.swift */,
			);
			path = Constants;
			sourceTree = "<group>";
		};
/* End PBXGroup section */

/* Begin PBXNativeTarget section */
		58F0227F2A440F9C00980667 /* AerohLink */ = {
			isa = PBXNativeTarget;
			buildConfigurationList = 58F022A42A440F9D00980667 /* Build configuration list for PBXNativeTarget "AerohLink" */;
			buildPhases = (
				58F0227C2A440F9C00980667 /* Sources */,
				58F0227D2A440F9C00980667 /* Frameworks */,
				58F0227E2A440F9C00980667 /* Resources */,
				58A97CE82AAA87A5009261FA /* ShellScript */,
			);
			buildRules = (
			);
			dependencies = (
			);
			name = AerohLink;
			packageProductDependencies = (
				91AD20C82A5FB2D1008D521D /* Alamofire */,
			);
			productName = AerohLink;
			productReference = 58F022802A440F9C00980667 /* AerohLink.app */;
			productType = "com.apple.product-type.application";
		};
		58F0228F2A440F9D00980667 /* AerohLinkTests */ = {
			isa = PBXNativeTarget;
			buildConfigurationList = 58F022A72A440F9D00980667 /* Build configuration list for PBXNativeTarget "AerohLinkTests" */;
			buildPhases = (
				58F0228C2A440F9D00980667 /* Sources */,
				58F0228D2A440F9D00980667 /* Frameworks */,
				58F0228E2A440F9D00980667 /* Resources */,
			);
			buildRules = (
			);
			dependencies = (
				58F022922A440F9D00980667 /* PBXTargetDependency */,
			);
			name = AerohLinkTests;
			productName = AerohLinkTests;
			productReference = 58F022902A440F9D00980667 /* AerohLinkTests.xctest */;
			productType = "com.apple.product-type.bundle.unit-test";
		};
		58F022992A440F9D00980667 /* AerohLinkUITests */ = {
			isa = PBXNativeTarget;
			buildConfigurationList = 58F022AA2A440F9D00980667 /* Build configuration list for PBXNativeTarget "AerohLinkUITests" */;
			buildPhases = (
				58F022962A440F9D00980667 /* Sources */,
				58F022972A440F9D00980667 /* Frameworks */,
				58F022982A440F9D00980667 /* Resources */,
			);
			buildRules = (
			);
			dependencies = (
				58F0229C2A440F9D00980667 /* PBXTargetDependency */,
			);
			name = AerohLinkUITests;
			productName = AerohLinkUITests;
			productReference = 58F0229A2A440F9D00980667 /* AerohLinkUITests.xctest */;
			productType = "com.apple.product-type.bundle.ui-testing";
		};
/* End PBXNativeTarget section */

/* Begin PBXProject section */
		58F022782A440F9C00980667 /* Project object */ = {
			isa = PBXProject;
			attributes = {
				BuildIndependentTargetsInParallel = 1;
				LastSwiftUpdateCheck = 1430;
				LastUpgradeCheck = 1430;
				TargetAttributes = {
					58F0227F2A440F9C00980667 = {
						CreatedOnToolsVersion = 14.3.1;
					};
					58F0228F2A440F9D00980667 = {
						CreatedOnToolsVersion = 14.3.1;
						TestTargetID = 58F0227F2A440F9C00980667;
					};
					58F022992A440F9D00980667 = {
						CreatedOnToolsVersion = 14.3.1;
						TestTargetID = 58F0227F2A440F9C00980667;
					};
				};
			};
			buildConfigurationList = 58F0227B2A440F9C00980667 /* Build configuration list for PBXProject "AerohLink" */;
			compatibilityVersion = "Xcode 14.0";
			developmentRegion = en;
			hasScannedForEncodings = 0;
			knownRegions = (
				en,
				Base,
			);
			mainGroup = 58F022772A440F9C00980667;
			packageReferences = (
				91AD20C72A5FB2D1008D521D /* XCRemoteSwiftPackageReference "Alamofire" */,
			);
			productRefGroup = 58F022812A440F9C00980667 /* Products */;
			projectDirPath = "";
			projectRoot = "";
			targets = (
				58F0227F2A440F9C00980667 /* AerohLink */,
				58F0228F2A440F9D00980667 /* AerohLinkTests */,
				58F022992A440F9D00980667 /* AerohLinkUITests */,
			);
		};
/* End PBXProject section */

/* Begin PBXResourcesBuildPhase section */
		58F0227E2A440F9C00980667 /* Resources */ = {
			isa = PBXResourcesBuildPhase;
			buildActionMask = 2147483647;
			files = (
				58F0228B2A440F9D00980667 /* Preview Assets.xcassets in Resources */,
				58F022882A440F9D00980667 /* Assets.xcassets in Resources */,
				918EA3E62AB9A4E4002AA904 /* DeviceModels.json in Resources */,
			);
			runOnlyForDeploymentPostprocessing = 0;
		};
		58F0228E2A440F9D00980667 /* Resources */ = {
			isa = PBXResourcesBuildPhase;
			buildActionMask = 2147483647;
			files = (
			);
			runOnlyForDeploymentPostprocessing = 0;
		};
		58F022982A440F9D00980667 /* Resources */ = {
			isa = PBXResourcesBuildPhase;
			buildActionMask = 2147483647;
			files = (
			);
			runOnlyForDeploymentPostprocessing = 0;
		};
/* End PBXResourcesBuildPhase section */

/* Begin PBXShellScriptBuildPhase section */
		58A97CE82AAA87A5009261FA /* ShellScript */ = {
			isa = PBXShellScriptBuildPhase;
			alwaysOutOfDate = 1;
			buildActionMask = 2147483647;
			files = (
			);
			inputFileListPaths = (
			);
			inputPaths = (
			);
			outputFileListPaths = (
			);
			outputPaths = (
			);
			runOnlyForDeploymentPostprocessing = 0;
			shellPath = /bin/zsh;
			shellScript = "PATH=$PATH:/opt/homebrew/bin/\nif which swiftlint >/dev/null; then\n  swiftlint\nelse\n  echo \"Warning: SwiftLint not installed. Install by running 'brew install swiftlint'.\"\nfi\n";
		};
/* End PBXShellScriptBuildPhase section */

/* Begin PBXSourcesBuildPhase section */
		58F0227C2A440F9C00980667 /* Sources */ = {
			isa = PBXSourcesBuildPhase;
			buildActionMask = 2147483647;
			files = (
				91BC848D2A8CC58100C4C46E /* SearchBluetoothDevices.swift in Sources */,
				911FE6192A8100D70059E69C /* UserInfo.swift in Sources */,
				911FE6172A7D07160059E69C /* UserController.swift in Sources */,
				918BEDC32AA212FC001CFF59 /* SettingsPage.swift in Sources */,
				9193EF602A740FFE00F4DBDB /* UserModel.swift in Sources */,
				918B84EB2A45798700C4FD75 /* SplashScreen.swift in Sources */,
				9193EF5E2A73F35A00F4DBDB /* LoginManager.swift in Sources */,
				9193EF582A6E35BC00F4DBDB /* EnvConstants.swift in Sources */,
				91BC848F2A8D23F500C4C46E /* DeviceNamingScreen.swift in Sources */,
				91AD20C62A5FAB70008D521D /* AppConstants.swift in Sources */,
				91CB07B42A84EC3900573301 /* DeviceModel.swift in Sources */,
				916769882AB1DCA200E7873E /* ChangeRoomNameScreen.swift in Sources */,
				58F022862A440F9C00980667 /* ContentView.swift in Sources */,
				91AD20B12A5FA736008D521D /* SignatureController.swift in Sources */,
				91AD20C12A5FAA49008D521D /* LoginController.swift in Sources */,
				91EFEB0C2AAF3318000A61B6 /* DeviceTypeSelectionScreen.swift in Sources */,
				916769862AB1C9CC00E7873E /* ChangeDeviceTypeScreen.swift in Sources */,
				911FE6152A77AD630059E69C /* LoginScreen.swift in Sources */,
				918EA3EA2AB9AE1C002AA904 /* SupportEmail.swift in Sources */,
				91AD20AF2A5FA67C008D521D /* SignupController.swift in Sources */,
				918EA3E22AB9A0D3002AA904 /* UIDeviceExtension.swift in Sources */,
				918EA3EF2AB9ED29002AA904 /* ErrorModalComponent.swift in Sources */,
				91EFEB0E2AAF5FA7000A61B6 /* DeviceControlScreen.swift in Sources */,
				91AD20B92A5FA80F008D521D /* KeyChainManager.swift in Sources */,
				91AD20BF2A5FAA24008D521D /* APIManager.swift in Sources */,
				918B84E92A4576D600C4FD75 /* OnboardingScreenView.swift in Sources */,
				911341422A49620200694A17 /* SignupScreen.swift in Sources */,
				91AD20CB2A5FC120008D521D /* HomeScreen.swift in Sources */,
				91EE19192AB1830100D4BC41 /* DeviceInfoScreen.swift in Sources */,
				91DC89A72A8FC8B60086A033 /* WifiConnectionScreen.swift in Sources */,
				91FECB5E2AAB524B00D3BEC2 /* NewDeviceController.swift in Sources */,
				916769842AB1C1D700E7873E /* DeviceRenameScreen.swift in Sources */,
				91CB07B02A840BEF00573301 /* DeviceController.swift in Sources */,
				58F022842A440F9C00980667 /* AerohLinkApp.swift in Sources */,
				91AD20B42A5FA75F008D521D /* TimestampGenerator.swift in Sources */,
				91A37AC22AB09CC800E9B929 /* DeviceSettingsScreen.swift in Sources */,
				918EA3E42AB9A4A7002AA904 /* BundleExtension.swift in Sources */,
			);
			runOnlyForDeploymentPostprocessing = 0;
		};
		58F0228C2A440F9D00980667 /* Sources */ = {
			isa = PBXSourcesBuildPhase;
			buildActionMask = 2147483647;
			files = (
				58F022952A440F9D00980667 /* AerohLinkTests.swift in Sources */,
			);
			runOnlyForDeploymentPostprocessing = 0;
		};
		58F022962A440F9D00980667 /* Sources */ = {
			isa = PBXSourcesBuildPhase;
			buildActionMask = 2147483647;
			files = (
				58F022A12A440F9D00980667 /* AerohLinkUITestsLaunchTests.swift in Sources */,
				58F0229F2A440F9D00980667 /* AerohLinkUITests.swift in Sources */,
			);
			runOnlyForDeploymentPostprocessing = 0;
		};
/* End PBXSourcesBuildPhase section */

/* Begin PBXTargetDependency section */
		58F022922A440F9D00980667 /* PBXTargetDependency */ = {
			isa = PBXTargetDependency;
			target = 58F0227F2A440F9C00980667 /* AerohLink */;
			targetProxy = 58F022912A440F9D00980667 /* PBXContainerItemProxy */;
		};
		58F0229C2A440F9D00980667 /* PBXTargetDependency */ = {
			isa = PBXTargetDependency;
			target = 58F0227F2A440F9C00980667 /* AerohLink */;
			targetProxy = 58F0229B2A440F9D00980667 /* PBXContainerItemProxy */;
		};
/* End PBXTargetDependency section */

/* Begin XCBuildConfiguration section */
		58F022A22A440F9D00980667 /* Debug */ = {
			isa = XCBuildConfiguration;
			buildSettings = {
				ALWAYS_SEARCH_USER_PATHS = NO;
				CLANG_ANALYZER_NONNULL = YES;
				CLANG_ANALYZER_NUMBER_OBJECT_CONVERSION = YES_AGGRESSIVE;
				CLANG_CXX_LANGUAGE_STANDARD = "gnu++20";
				CLANG_ENABLE_MODULES = YES;
				CLANG_ENABLE_OBJC_ARC = YES;
				CLANG_ENABLE_OBJC_WEAK = YES;
				CLANG_WARN_BLOCK_CAPTURE_AUTORELEASING = YES;
				CLANG_WARN_BOOL_CONVERSION = YES;
				CLANG_WARN_COMMA = YES;
				CLANG_WARN_CONSTANT_CONVERSION = YES;
				CLANG_WARN_DEPRECATED_OBJC_IMPLEMENTATIONS = YES;
				CLANG_WARN_DIRECT_OBJC_ISA_USAGE = YES_ERROR;
				CLANG_WARN_DOCUMENTATION_COMMENTS = YES;
				CLANG_WARN_EMPTY_BODY = YES;
				CLANG_WARN_ENUM_CONVERSION = YES;
				CLANG_WARN_INFINITE_RECURSION = YES;
				CLANG_WARN_INT_CONVERSION = YES;
				CLANG_WARN_NON_LITERAL_NULL_CONVERSION = YES;
				CLANG_WARN_OBJC_IMPLICIT_RETAIN_SELF = YES;
				CLANG_WARN_OBJC_LITERAL_CONVERSION = YES;
				CLANG_WARN_OBJC_ROOT_CLASS = YES_ERROR;
				CLANG_WARN_QUOTED_INCLUDE_IN_FRAMEWORK_HEADER = YES;
				CLANG_WARN_RANGE_LOOP_ANALYSIS = YES;
				CLANG_WARN_STRICT_PROTOTYPES = YES;
				CLANG_WARN_SUSPICIOUS_MOVE = YES;
				CLANG_WARN_UNGUARDED_AVAILABILITY = YES_AGGRESSIVE;
				CLANG_WARN_UNREACHABLE_CODE = YES;
				CLANG_WARN__DUPLICATE_METHOD_MATCH = YES;
				COPY_PHASE_STRIP = NO;
				DEBUG_INFORMATION_FORMAT = dwarf;
				ENABLE_STRICT_OBJC_MSGSEND = YES;
				ENABLE_TESTABILITY = YES;
				GCC_C_LANGUAGE_STANDARD = gnu11;
				GCC_DYNAMIC_NO_PIC = NO;
				GCC_NO_COMMON_BLOCKS = YES;
				GCC_OPTIMIZATION_LEVEL = 0;
				GCC_PREPROCESSOR_DEFINITIONS = (
					"DEBUG=1",
					"$(inherited)",
				);
				GCC_WARN_64_TO_32_BIT_CONVERSION = YES;
				GCC_WARN_ABOUT_RETURN_TYPE = YES_ERROR;
				GCC_WARN_UNDECLARED_SELECTOR = YES;
				GCC_WARN_UNINITIALIZED_AUTOS = YES_AGGRESSIVE;
				GCC_WARN_UNUSED_FUNCTION = YES;
				GCC_WARN_UNUSED_VARIABLE = YES;
				IPHONEOS_DEPLOYMENT_TARGET = 16.4;
				MTL_ENABLE_DEBUG_INFO = INCLUDE_SOURCE;
				MTL_FAST_MATH = YES;
				ONLY_ACTIVE_ARCH = YES;
				SDKROOT = iphoneos;
				SWIFT_ACTIVE_COMPILATION_CONDITIONS = DEBUG;
				SWIFT_OPTIMIZATION_LEVEL = "-Onone";
			};
			name = Debug;
		};
		58F022A32A440F9D00980667 /* Release */ = {
			isa = XCBuildConfiguration;
			buildSettings = {
				ALWAYS_SEARCH_USER_PATHS = NO;
				CLANG_ANALYZER_NONNULL = YES;
				CLANG_ANALYZER_NUMBER_OBJECT_CONVERSION = YES_AGGRESSIVE;
				CLANG_CXX_LANGUAGE_STANDARD = "gnu++20";
				CLANG_ENABLE_MODULES = YES;
				CLANG_ENABLE_OBJC_ARC = YES;
				CLANG_ENABLE_OBJC_WEAK = YES;
				CLANG_WARN_BLOCK_CAPTURE_AUTORELEASING = YES;
				CLANG_WARN_BOOL_CONVERSION = YES;
				CLANG_WARN_COMMA = YES;
				CLANG_WARN_CONSTANT_CONVERSION = YES;
				CLANG_WARN_DEPRECATED_OBJC_IMPLEMENTATIONS = YES;
				CLANG_WARN_DIRECT_OBJC_ISA_USAGE = YES_ERROR;
				CLANG_WARN_DOCUMENTATION_COMMENTS = YES;
				CLANG_WARN_EMPTY_BODY = YES;
				CLANG_WARN_ENUM_CONVERSION = YES;
				CLANG_WARN_INFINITE_RECURSION = YES;
				CLANG_WARN_INT_CONVERSION = YES;
				CLANG_WARN_NON_LITERAL_NULL_CONVERSION = YES;
				CLANG_WARN_OBJC_IMPLICIT_RETAIN_SELF = YES;
				CLANG_WARN_OBJC_LITERAL_CONVERSION = YES;
				CLANG_WARN_OBJC_ROOT_CLASS = YES_ERROR;
				CLANG_WARN_QUOTED_INCLUDE_IN_FRAMEWORK_HEADER = YES;
				CLANG_WARN_RANGE_LOOP_ANALYSIS = YES;
				CLANG_WARN_STRICT_PROTOTYPES = YES;
				CLANG_WARN_SUSPICIOUS_MOVE = YES;
				CLANG_WARN_UNGUARDED_AVAILABILITY = YES_AGGRESSIVE;
				CLANG_WARN_UNREACHABLE_CODE = YES;
				CLANG_WARN__DUPLICATE_METHOD_MATCH = YES;
				COPY_PHASE_STRIP = NO;
				DEBUG_INFORMATION_FORMAT = "dwarf-with-dsym";
				ENABLE_NS_ASSERTIONS = NO;
				ENABLE_STRICT_OBJC_MSGSEND = YES;
				GCC_C_LANGUAGE_STANDARD = gnu11;
				GCC_NO_COMMON_BLOCKS = YES;
				GCC_WARN_64_TO_32_BIT_CONVERSION = YES;
				GCC_WARN_ABOUT_RETURN_TYPE = YES_ERROR;
				GCC_WARN_UNDECLARED_SELECTOR = YES;
				GCC_WARN_UNINITIALIZED_AUTOS = YES_AGGRESSIVE;
				GCC_WARN_UNUSED_FUNCTION = YES;
				GCC_WARN_UNUSED_VARIABLE = YES;
				IPHONEOS_DEPLOYMENT_TARGET = 16.4;
				MTL_ENABLE_DEBUG_INFO = NO;
				MTL_FAST_MATH = YES;
				SDKROOT = iphoneos;
				SWIFT_COMPILATION_MODE = wholemodule;
				SWIFT_OPTIMIZATION_LEVEL = "-O";
				VALIDATE_PRODUCT = YES;
			};
			name = Release;
		};
		58F022A52A440F9D00980667 /* Debug */ = {
			isa = XCBuildConfiguration;
			buildSettings = {
				ASSETCATALOG_COMPILER_APPICON_NAME = AppIcon;
				ASSETCATALOG_COMPILER_GLOBAL_ACCENT_COLOR_NAME = AccentColor;
				CODE_SIGN_ENTITLEMENTS = AerohLink/AerohLinkDebug.entitlements;
				CODE_SIGN_STYLE = Automatic;
				CURRENT_PROJECT_VERSION = 1;
				DEVELOPMENT_ASSET_PATHS = "\"AerohLink/Preview Content\"";
				DEVELOPMENT_TEAM = N3BWCX2BRJ;
				ENABLE_PREVIEWS = YES;
				GENERATE_INFOPLIST_FILE = YES;
				INFOPLIST_FILE = Info.plist;
				INFOPLIST_KEY_CFBundleDisplayName = "Aeroh Link";
				INFOPLIST_KEY_NSBluetoothAlwaysUsageDescription = "We use Bluetooth to connect to nearby Aeroh devices for provisioning.";
				INFOPLIST_KEY_UIApplicationSceneManifest_Generation = YES;
				INFOPLIST_KEY_UIApplicationSupportsIndirectInputEvents = YES;
				INFOPLIST_KEY_UIStatusBarStyle = UIStatusBarStyleDarkContent;
				INFOPLIST_KEY_UISupportedInterfaceOrientations = UIInterfaceOrientationPortrait;
				INFOPLIST_KEY_UISupportedInterfaceOrientations_iPad = "UIInterfaceOrientationLandscapeLeft UIInterfaceOrientationLandscapeRight UIInterfaceOrientationPortrait UIInterfaceOrientationPortraitUpsideDown";
				LD_RUNPATH_SEARCH_PATHS = (
					"$(inherited)",
					"@executable_path/Frameworks",
				);
				MARKETING_VERSION = 1.0;
				PRODUCT_BUNDLE_IDENTIFIER = org.aeroh.AerohLink;
				PRODUCT_NAME = "$(TARGET_NAME)";
				SUPPORTED_PLATFORMS = "iphoneos iphonesimulator";
				SUPPORTS_MACCATALYST = NO;
				SUPPORTS_MAC_DESIGNED_FOR_IPHONE_IPAD = NO;
				SWIFT_EMIT_LOC_STRINGS = YES;
				SWIFT_VERSION = 5.0;
				TARGETED_DEVICE_FAMILY = "1,2";
			};
			name = Debug;
		};
		58F022A62A440F9D00980667 /* Release */ = {
			isa = XCBuildConfiguration;
			buildSettings = {
				ASSETCATALOG_COMPILER_APPICON_NAME = AppIcon;
				ASSETCATALOG_COMPILER_GLOBAL_ACCENT_COLOR_NAME = AccentColor;
				CODE_SIGN_STYLE = Automatic;
				CURRENT_PROJECT_VERSION = 1;
				DEVELOPMENT_ASSET_PATHS = "\"AerohLink/Preview Content\"";
				DEVELOPMENT_TEAM = 8MJ523L73A;
				ENABLE_PREVIEWS = YES;
				GENERATE_INFOPLIST_FILE = YES;
				INFOPLIST_FILE = Info.plist;
				INFOPLIST_KEY_CFBundleDisplayName = "Aeroh Link";
				INFOPLIST_KEY_NSBluetoothAlwaysUsageDescription = "We use Bluetooth to connect to nearby Aeroh devices for provisioning.";
				INFOPLIST_KEY_UIApplicationSceneManifest_Generation = YES;
				INFOPLIST_KEY_UIApplicationSupportsIndirectInputEvents = YES;
				INFOPLIST_KEY_UIStatusBarStyle = UIStatusBarStyleDarkContent;
				INFOPLIST_KEY_UISupportedInterfaceOrientations = UIInterfaceOrientationPortrait;
				INFOPLIST_KEY_UISupportedInterfaceOrientations_iPad = "UIInterfaceOrientationLandscapeLeft UIInterfaceOrientationLandscapeRight UIInterfaceOrientationPortrait UIInterfaceOrientationPortraitUpsideDown";
				LD_RUNPATH_SEARCH_PATHS = (
					"$(inherited)",
					"@executable_path/Frameworks",
				);
				MARKETING_VERSION = 1.0;
				PRODUCT_BUNDLE_IDENTIFIER = "org.aeroh.Aeroh-Link";
				PRODUCT_NAME = "$(TARGET_NAME)";
				SUPPORTED_PLATFORMS = "iphoneos iphonesimulator";
				SUPPORTS_MACCATALYST = NO;
				SUPPORTS_MAC_DESIGNED_FOR_IPHONE_IPAD = NO;
				SWIFT_EMIT_LOC_STRINGS = YES;
				SWIFT_VERSION = 5.0;
				TARGETED_DEVICE_FAMILY = "1,2";
			};
			name = Release;
		};
		58F022A82A440F9D00980667 /* Debug */ = {
			isa = XCBuildConfiguration;
			buildSettings = {
				ALWAYS_EMBED_SWIFT_STANDARD_LIBRARIES = YES;
				BUNDLE_LOADER = "$(TEST_HOST)";
				CODE_SIGN_STYLE = Automatic;
				CURRENT_PROJECT_VERSION = 1;
				GENERATE_INFOPLIST_FILE = YES;
				IPHONEOS_DEPLOYMENT_TARGET = 16.4;
				MARKETING_VERSION = 1.0;
				PRODUCT_BUNDLE_IDENTIFIER = "org.aeroh.Aeroh-LinkTests";
				PRODUCT_NAME = "$(TARGET_NAME)";
				SWIFT_EMIT_LOC_STRINGS = NO;
				SWIFT_VERSION = 5.0;
				TARGETED_DEVICE_FAMILY = "1,2";
				TEST_HOST = "$(BUILT_PRODUCTS_DIR)/AerohLink.app/$(BUNDLE_EXECUTABLE_FOLDER_PATH)/AerohLink";
			};
			name = Debug;
		};
		58F022A92A440F9D00980667 /* Release */ = {
			isa = XCBuildConfiguration;
			buildSettings = {
				ALWAYS_EMBED_SWIFT_STANDARD_LIBRARIES = YES;
				BUNDLE_LOADER = "$(TEST_HOST)";
				CODE_SIGN_STYLE = Automatic;
				CURRENT_PROJECT_VERSION = 1;
				GENERATE_INFOPLIST_FILE = YES;
				IPHONEOS_DEPLOYMENT_TARGET = 16.4;
				MARKETING_VERSION = 1.0;
				PRODUCT_BUNDLE_IDENTIFIER = "org.aeroh.Aeroh-LinkTests";
				PRODUCT_NAME = "$(TARGET_NAME)";
				SWIFT_EMIT_LOC_STRINGS = NO;
				SWIFT_VERSION = 5.0;
				TARGETED_DEVICE_FAMILY = "1,2";
				TEST_HOST = "$(BUILT_PRODUCTS_DIR)/AerohLink.app/$(BUNDLE_EXECUTABLE_FOLDER_PATH)/AerohLink";
			};
			name = Release;
		};
		58F022AB2A440F9D00980667 /* Debug */ = {
			isa = XCBuildConfiguration;
			buildSettings = {
				ALWAYS_EMBED_SWIFT_STANDARD_LIBRARIES = YES;
				CODE_SIGN_STYLE = Automatic;
				CURRENT_PROJECT_VERSION = 1;
				GENERATE_INFOPLIST_FILE = YES;
				MARKETING_VERSION = 1.0;
				PRODUCT_BUNDLE_IDENTIFIER = "org.aeroh.Aeroh-LinkUITests";
				PRODUCT_NAME = "$(TARGET_NAME)";
				SWIFT_EMIT_LOC_STRINGS = NO;
				SWIFT_VERSION = 5.0;
				TARGETED_DEVICE_FAMILY = "1,2";
				TEST_TARGET_NAME = AerohLink;
			};
			name = Debug;
		};
		58F022AC2A440F9D00980667 /* Release */ = {
			isa = XCBuildConfiguration;
			buildSettings = {
				ALWAYS_EMBED_SWIFT_STANDARD_LIBRARIES = YES;
				CODE_SIGN_STYLE = Automatic;
				CURRENT_PROJECT_VERSION = 1;
				GENERATE_INFOPLIST_FILE = YES;
				MARKETING_VERSION = 1.0;
				PRODUCT_BUNDLE_IDENTIFIER = "org.aeroh.Aeroh-LinkUITests";
				PRODUCT_NAME = "$(TARGET_NAME)";
				SWIFT_EMIT_LOC_STRINGS = NO;
				SWIFT_VERSION = 5.0;
				TARGETED_DEVICE_FAMILY = "1,2";
				TEST_TARGET_NAME = AerohLink;
			};
			name = Release;
		};
/* End XCBuildConfiguration section */

/* Begin XCConfigurationList section */
		58F0227B2A440F9C00980667 /* Build configuration list for PBXProject "AerohLink" */ = {
			isa = XCConfigurationList;
			buildConfigurations = (
				58F022A22A440F9D00980667 /* Debug */,
				58F022A32A440F9D00980667 /* Release */,
			);
			defaultConfigurationIsVisible = 0;
			defaultConfigurationName = Release;
		};
		58F022A42A440F9D00980667 /* Build configuration list for PBXNativeTarget "AerohLink" */ = {
			isa = XCConfigurationList;
			buildConfigurations = (
				58F022A52A440F9D00980667 /* Debug */,
				58F022A62A440F9D00980667 /* Release */,
			);
			defaultConfigurationIsVisible = 0;
			defaultConfigurationName = Release;
		};
		58F022A72A440F9D00980667 /* Build configuration list for PBXNativeTarget "AerohLinkTests" */ = {
			isa = XCConfigurationList;
			buildConfigurations = (
				58F022A82A440F9D00980667 /* Debug */,
				58F022A92A440F9D00980667 /* Release */,
			);
			defaultConfigurationIsVisible = 0;
			defaultConfigurationName = Release;
		};
		58F022AA2A440F9D00980667 /* Build configuration list for PBXNativeTarget "AerohLinkUITests" */ = {
			isa = XCConfigurationList;
			buildConfigurations = (
				58F022AB2A440F9D00980667 /* Debug */,
				58F022AC2A440F9D00980667 /* Release */,
			);
			defaultConfigurationIsVisible = 0;
			defaultConfigurationName = Release;
		};
/* End XCConfigurationList section */

/* Begin XCRemoteSwiftPackageReference section */
		91AD20C72A5FB2D1008D521D /* XCRemoteSwiftPackageReference "Alamofire" */ = {
			isa = XCRemoteSwiftPackageReference;
			repositoryURL = "https://github.com/Alamofire/Alamofire.git";
			requirement = {
				kind = upToNextMajorVersion;
				minimumVersion = 5.0.0;
			};
		};
/* End XCRemoteSwiftPackageReference section */

/* Begin XCSwiftPackageProductDependency section */
		91AD20C82A5FB2D1008D521D /* Alamofire */ = {
			isa = XCSwiftPackageProductDependency;
			package = 91AD20C72A5FB2D1008D521D /* XCRemoteSwiftPackageReference "Alamofire" */;
			productName = Alamofire;
		};
/* End XCSwiftPackageProductDependency section */
	};
	rootObject = 58F022782A440F9C00980667 /* Project object */;
}
