// !$*UTF8*$!
{
	archiveVersion = 1;
	classes = {
	};
	objectVersion = 56;
	objects = {

/* Begin PBXBuildFile section */
		58F022842A440F9C00980667 /* Aeroh_LinkApp.swift in Sources */ = {isa = PBXBuildFile; fileRef = 58F022832A440F9C00980667 /* Aeroh_LinkApp.swift */; };
		58F022862A440F9C00980667 /* ContentView.swift in Sources */ = {isa = PBXBuildFile; fileRef = 58F022852A440F9C00980667 /* ContentView.swift */; };
		58F022882A440F9D00980667 /* Assets.xcassets in Resources */ = {isa = PBXBuildFile; fileRef = 58F022872A440F9D00980667 /* Assets.xcassets */; };
		58F0228B2A440F9D00980667 /* Preview Assets.xcassets in Resources */ = {isa = PBXBuildFile; fileRef = 58F0228A2A440F9D00980667 /* Preview Assets.xcassets */; };
		58F022952A440F9D00980667 /* Aeroh_LinkTests.swift in Sources */ = {isa = PBXBuildFile; fileRef = 58F022942A440F9D00980667 /* Aeroh_LinkTests.swift */; };
		58F0229F2A440F9D00980667 /* Aeroh_LinkUITests.swift in Sources */ = {isa = PBXBuildFile; fileRef = 58F0229E2A440F9D00980667 /* Aeroh_LinkUITests.swift */; };
		58F022A12A440F9D00980667 /* Aeroh_LinkUITestsLaunchTests.swift in Sources */ = {isa = PBXBuildFile; fileRef = 58F022A02A440F9D00980667 /* Aeroh_LinkUITestsLaunchTests.swift */; };
		911341422A49620200694A17 /* SignupScreen.swift in Sources */ = {isa = PBXBuildFile; fileRef = 911341412A49620200694A17 /* SignupScreen.swift */; };
		911FE6152A77AD630059E69C /* LoginScreen.swift in Sources */ = {isa = PBXBuildFile; fileRef = 911FE6142A77AD630059E69C /* LoginScreen.swift */; };
		911FE6172A7D07160059E69C /* UserController.swift in Sources */ = {isa = PBXBuildFile; fileRef = 911FE6162A7D07160059E69C /* UserController.swift */; };
		911FE6192A8100D70059E69C /* UserInfo.swift in Sources */ = {isa = PBXBuildFile; fileRef = 911FE6182A8100D70059E69C /* UserInfo.swift */; };
		918B84E92A4576D600C4FD75 /* OnboardingScreenView.swift in Sources */ = {isa = PBXBuildFile; fileRef = 918B84E82A4576D600C4FD75 /* OnboardingScreenView.swift */; };
		918B84EB2A45798700C4FD75 /* SplashScreen.swift in Sources */ = {isa = PBXBuildFile; fileRef = 918B84EA2A45798700C4FD75 /* SplashScreen.swift */; };
		918BEDC32AA212FC001CFF59 /* SettingsPage.swift in Sources */ = {isa = PBXBuildFile; fileRef = 918BEDC22AA212FC001CFF59 /* SettingsPage.swift */; };
		9193EF582A6E35BC00F4DBDB /* EnvConstants.swift in Sources */ = {isa = PBXBuildFile; fileRef = 9193EF572A6E35BC00F4DBDB /* EnvConstants.swift */; };
		9193EF5E2A73F35A00F4DBDB /* LoginManager.swift in Sources */ = {isa = PBXBuildFile; fileRef = 9193EF5D2A73F35900F4DBDB /* LoginManager.swift */; };
		9193EF602A740FFE00F4DBDB /* UserModel.swift in Sources */ = {isa = PBXBuildFile; fileRef = 9193EF5F2A740FFE00F4DBDB /* UserModel.swift */; };
		91AD20AF2A5FA67C008D521D /* SignupController.swift in Sources */ = {isa = PBXBuildFile; fileRef = 91AD20AE2A5FA67C008D521D /* SignupController.swift */; };
		91AD20B12A5FA736008D521D /* SignatureController.swift in Sources */ = {isa = PBXBuildFile; fileRef = 91AD20B02A5FA736008D521D /* SignatureController.swift */; };
		91AD20B42A5FA75F008D521D /* TimestampGenerator.swift in Sources */ = {isa = PBXBuildFile; fileRef = 91AD20B32A5FA75F008D521D /* TimestampGenerator.swift */; };
		91AD20B92A5FA80F008D521D /* KeyChainManager.swift in Sources */ = {isa = PBXBuildFile; fileRef = 91AD20B82A5FA80F008D521D /* KeyChainManager.swift */; };
		91AD20BF2A5FAA24008D521D /* APIManager.swift in Sources */ = {isa = PBXBuildFile; fileRef = 91AD20BE2A5FAA24008D521D /* APIManager.swift */; };
		91AD20C12A5FAA49008D521D /* LoginController.swift in Sources */ = {isa = PBXBuildFile; fileRef = 91AD20C02A5FAA49008D521D /* LoginController.swift */; };
		91AD20C62A5FAB70008D521D /* AppConstants.swift in Sources */ = {isa = PBXBuildFile; fileRef = 91AD20C52A5FAB70008D521D /* AppConstants.swift */; };
		91AD20C92A5FB2D1008D521D /* Alamofire in Frameworks */ = {isa = PBXBuildFile; productRef = 91AD20C82A5FB2D1008D521D /* Alamofire */; };
		91AD20CB2A5FC120008D521D /* HomeScreen.swift in Sources */ = {isa = PBXBuildFile; fileRef = 91AD20CA2A5FC120008D521D /* HomeScreen.swift */; };
		91BC848D2A8CC58100C4C46E /* SearchBluetoothDevices.swift in Sources */ = {isa = PBXBuildFile; fileRef = 91BC848C2A8CC58100C4C46E /* SearchBluetoothDevices.swift */; };
		91BC848F2A8D23F500C4C46E /* DeviceNamingScreen.swift in Sources */ = {isa = PBXBuildFile; fileRef = 91BC848E2A8D23F500C4C46E /* DeviceNamingScreen.swift */; };
		91CB07B02A840BEF00573301 /* DeviceController.swift in Sources */ = {isa = PBXBuildFile; fileRef = 91CB07AF2A840BEF00573301 /* DeviceController.swift */; };
		91CB07B42A84EC3900573301 /* DeviceModel.swift in Sources */ = {isa = PBXBuildFile; fileRef = 91CB07B32A84EC3900573301 /* DeviceModel.swift */; };
		91DC89A72A8FC8B60086A033 /* WifiConnectionScreen.swift in Sources */ = {isa = PBXBuildFile; fileRef = 91DC89A62A8FC8B60086A033 /* WifiConnectionScreen.swift */; };
/* End PBXBuildFile section */

/* Begin PBXContainerItemProxy section */
		58F022912A440F9D00980667 /* PBXContainerItemProxy */ = {
			isa = PBXContainerItemProxy;
			containerPortal = 58F022782A440F9C00980667 /* Project object */;
			proxyType = 1;
			remoteGlobalIDString = 58F0227F2A440F9C00980667;
			remoteInfo = "Aeroh Link";
		};
		58F0229B2A440F9D00980667 /* PBXContainerItemProxy */ = {
			isa = PBXContainerItemProxy;
			containerPortal = 58F022782A440F9C00980667 /* Project object */;
			proxyType = 1;
			remoteGlobalIDString = 58F0227F2A440F9C00980667;
			remoteInfo = "Aeroh Link";
		};
/* End PBXContainerItemProxy section */

/* Begin PBXFileReference section */
		58F022802A440F9C00980667 /* Aeroh Link.app */ = {isa = PBXFileReference; explicitFileType = wrapper.application; includeInIndex = 0; path = "Aeroh Link.app"; sourceTree = BUILT_PRODUCTS_DIR; };
		58F022832A440F9C00980667 /* Aeroh_LinkApp.swift */ = {isa = PBXFileReference; lastKnownFileType = sourcecode.swift; path = Aeroh_LinkApp.swift; sourceTree = "<group>"; };
		58F022852A440F9C00980667 /* ContentView.swift */ = {isa = PBXFileReference; lastKnownFileType = sourcecode.swift; path = ContentView.swift; sourceTree = "<group>"; };
		58F022872A440F9D00980667 /* Assets.xcassets */ = {isa = PBXFileReference; lastKnownFileType = folder.assetcatalog; path = Assets.xcassets; sourceTree = "<group>"; };
		58F0228A2A440F9D00980667 /* Preview Assets.xcassets */ = {isa = PBXFileReference; lastKnownFileType = folder.assetcatalog; path = "Preview Assets.xcassets"; sourceTree = "<group>"; };
		58F022902A440F9D00980667 /* Aeroh LinkTests.xctest */ = {isa = PBXFileReference; explicitFileType = wrapper.cfbundle; includeInIndex = 0; path = "Aeroh LinkTests.xctest"; sourceTree = BUILT_PRODUCTS_DIR; };
		58F022942A440F9D00980667 /* Aeroh_LinkTests.swift */ = {isa = PBXFileReference; lastKnownFileType = sourcecode.swift; path = Aeroh_LinkTests.swift; sourceTree = "<group>"; };
		58F0229A2A440F9D00980667 /* Aeroh LinkUITests.xctest */ = {isa = PBXFileReference; explicitFileType = wrapper.cfbundle; includeInIndex = 0; path = "Aeroh LinkUITests.xctest"; sourceTree = BUILT_PRODUCTS_DIR; };
		58F0229E2A440F9D00980667 /* Aeroh_LinkUITests.swift */ = {isa = PBXFileReference; lastKnownFileType = sourcecode.swift; path = Aeroh_LinkUITests.swift; sourceTree = "<group>"; };
		58F022A02A440F9D00980667 /* Aeroh_LinkUITestsLaunchTests.swift */ = {isa = PBXFileReference; lastKnownFileType = sourcecode.swift; path = Aeroh_LinkUITestsLaunchTests.swift; sourceTree = "<group>"; };
		911341412A49620200694A17 /* SignupScreen.swift */ = {isa = PBXFileReference; lastKnownFileType = sourcecode.swift; path = SignupScreen.swift; sourceTree = "<group>"; };
		911FE6142A77AD630059E69C /* LoginScreen.swift */ = {isa = PBXFileReference; fileEncoding = 4; lastKnownFileType = sourcecode.swift; path = LoginScreen.swift; sourceTree = "<group>"; };
		911FE6162A7D07160059E69C /* UserController.swift */ = {isa = PBXFileReference; lastKnownFileType = sourcecode.swift; path = UserController.swift; sourceTree = "<group>"; };
		911FE6182A8100D70059E69C /* UserInfo.swift */ = {isa = PBXFileReference; lastKnownFileType = sourcecode.swift; path = UserInfo.swift; sourceTree = "<group>"; };
		917EB5D22AA633E000407F43 /* NetworkExtension.framework */ = {isa = PBXFileReference; lastKnownFileType = wrapper.framework; name = NetworkExtension.framework; path = System/Library/Frameworks/NetworkExtension.framework; sourceTree = SDKROOT; };
		918B84E82A4576D600C4FD75 /* OnboardingScreenView.swift */ = {isa = PBXFileReference; lastKnownFileType = sourcecode.swift; path = OnboardingScreenView.swift; sourceTree = "<group>"; };
		918B84EA2A45798700C4FD75 /* SplashScreen.swift */ = {isa = PBXFileReference; lastKnownFileType = sourcecode.swift; path = SplashScreen.swift; sourceTree = "<group>"; };
		918B84EC2A457A5900C4FD75 /* Aeroh-Link-Info.plist */ = {isa = PBXFileReference; lastKnownFileType = text.plist; path = "Aeroh-Link-Info.plist"; sourceTree = SOURCE_ROOT; };
		918BEDC22AA212FC001CFF59 /* SettingsPage.swift */ = {isa = PBXFileReference; lastKnownFileType = sourcecode.swift; path = SettingsPage.swift; sourceTree = "<group>"; };
		9193EF572A6E35BC00F4DBDB /* EnvConstants.swift */ = {isa = PBXFileReference; lastKnownFileType = sourcecode.swift; path = EnvConstants.swift; sourceTree = "<group>"; };
		9193EF5D2A73F35900F4DBDB /* LoginManager.swift */ = {isa = PBXFileReference; lastKnownFileType = sourcecode.swift; path = LoginManager.swift; sourceTree = "<group>"; };
		9193EF5F2A740FFE00F4DBDB /* UserModel.swift */ = {isa = PBXFileReference; fileEncoding = 4; lastKnownFileType = sourcecode.swift; path = UserModel.swift; sourceTree = "<group>"; };
		91AD20AE2A5FA67C008D521D /* SignupController.swift */ = {isa = PBXFileReference; fileEncoding = 4; lastKnownFileType = sourcecode.swift; path = SignupController.swift; sourceTree = "<group>"; };
		91AD20B02A5FA736008D521D /* SignatureController.swift */ = {isa = PBXFileReference; fileEncoding = 4; lastKnownFileType = sourcecode.swift; path = SignatureController.swift; sourceTree = "<group>"; };
		91AD20B32A5FA75F008D521D /* TimestampGenerator.swift */ = {isa = PBXFileReference; fileEncoding = 4; lastKnownFileType = sourcecode.swift; path = TimestampGenerator.swift; sourceTree = "<group>"; };
		91AD20B82A5FA80F008D521D /* KeyChainManager.swift */ = {isa = PBXFileReference; fileEncoding = 4; lastKnownFileType = sourcecode.swift; path = KeyChainManager.swift; sourceTree = "<group>"; };
		91AD20BE2A5FAA24008D521D /* APIManager.swift */ = {isa = PBXFileReference; fileEncoding = 4; lastKnownFileType = sourcecode.swift; path = APIManager.swift; sourceTree = "<group>"; };
		91AD20C02A5FAA49008D521D /* LoginController.swift */ = {isa = PBXFileReference; fileEncoding = 4; lastKnownFileType = sourcecode.swift; path = LoginController.swift; sourceTree = "<group>"; };
		91AD20C52A5FAB70008D521D /* AppConstants.swift */ = {isa = PBXFileReference; fileEncoding = 4; lastKnownFileType = sourcecode.swift; path = AppConstants.swift; sourceTree = "<group>"; };
		91AD20CA2A5FC120008D521D /* HomeScreen.swift */ = {isa = PBXFileReference; lastKnownFileType = sourcecode.swift; path = HomeScreen.swift; sourceTree = "<group>"; };
		91BC848C2A8CC58100C4C46E /* SearchBluetoothDevices.swift */ = {isa = PBXFileReference; lastKnownFileType = sourcecode.swift; path = SearchBluetoothDevices.swift; sourceTree = "<group>"; };
		91BC848E2A8D23F500C4C46E /* DeviceNamingScreen.swift */ = {isa = PBXFileReference; lastKnownFileType = sourcecode.swift; path = DeviceNamingScreen.swift; sourceTree = "<group>"; };
		91CB07AF2A840BEF00573301 /* DeviceController.swift */ = {isa = PBXFileReference; lastKnownFileType = sourcecode.swift; path = DeviceController.swift; sourceTree = "<group>"; };
		91CB07B32A84EC3900573301 /* DeviceModel.swift */ = {isa = PBXFileReference; lastKnownFileType = sourcecode.swift; path = DeviceModel.swift; sourceTree = "<group>"; };
		91DC89A62A8FC8B60086A033 /* WifiConnectionScreen.swift */ = {isa = PBXFileReference; lastKnownFileType = sourcecode.swift; path = WifiConnectionScreen.swift; sourceTree = "<group>"; };
/* End PBXFileReference section */

/* Begin PBXFrameworksBuildPhase section */
		58F0227D2A440F9C00980667 /* Frameworks */ = {
			isa = PBXFrameworksBuildPhase;
			buildActionMask = 2147483647;
			files = (
				91AD20C92A5FB2D1008D521D /* Alamofire in Frameworks */,
			);
			runOnlyForDeploymentPostprocessing = 0;
		};
		58F0228D2A440F9D00980667 /* Frameworks */ = {
			isa = PBXFrameworksBuildPhase;
			buildActionMask = 2147483647;
			files = (
			);
			runOnlyForDeploymentPostprocessing = 0;
		};
		58F022972A440F9D00980667 /* Frameworks */ = {
			isa = PBXFrameworksBuildPhase;
			buildActionMask = 2147483647;
			files = (
			);
			runOnlyForDeploymentPostprocessing = 0;
		};
/* End PBXFrameworksBuildPhase section */

/* Begin PBXGroup section */
		58F022772A440F9C00980667 = {
			isa = PBXGroup;
			children = (
				58F022822A440F9C00980667 /* Aeroh Link */,
				58F022932A440F9D00980667 /* Aeroh LinkTests */,
				58F0229D2A440F9D00980667 /* Aeroh LinkUITests */,
				58F022812A440F9C00980667 /* Products */,
				917EB5D12AA633DF00407F43 /* Frameworks */,
			);
			sourceTree = "<group>";
		};
		58F022812A440F9C00980667 /* Products */ = {
			isa = PBXGroup;
			children = (
				58F022802A440F9C00980667 /* Aeroh Link.app */,
				58F022902A440F9D00980667 /* Aeroh LinkTests.xctest */,
				58F0229A2A440F9D00980667 /* Aeroh LinkUITests.xctest */,
			);
			name = Products;
			sourceTree = "<group>";
		};
		58F022822A440F9C00980667 /* Aeroh Link */ = {
			isa = PBXGroup;
			children = (
				91AD20C42A5FAB5B008D521D /* Constant */,
				91AD20B52A5FA7E8008D521D /* Model */,
				91AD20AD2A5FA621008D521D /* Controllers */,
				918B84EC2A457A5900C4FD75 /* Aeroh-Link-Info.plist */,
				918B84E72A4576C000C4FD75 /* View */,
				58F022832A440F9C00980667 /* Aeroh_LinkApp.swift */,
				58F022872A440F9D00980667 /* Assets.xcassets */,
				58F022892A440F9D00980667 /* Preview Content */,
			);
			path = "Aeroh Link";
			sourceTree = "<group>";
		};
		58F022892A440F9D00980667 /* Preview Content */ = {
			isa = PBXGroup;
			children = (
				58F0228A2A440F9D00980667 /* Preview Assets.xcassets */,
			);
			path = "Preview Content";
			sourceTree = "<group>";
		};
		58F022932A440F9D00980667 /* Aeroh LinkTests */ = {
			isa = PBXGroup;
			children = (
				58F022942A440F9D00980667 /* Aeroh_LinkTests.swift */,
			);
			path = "Aeroh LinkTests";
			sourceTree = "<group>";
		};
		58F0229D2A440F9D00980667 /* Aeroh LinkUITests */ = {
			isa = PBXGroup;
			children = (
				58F0229E2A440F9D00980667 /* Aeroh_LinkUITests.swift */,
				58F022A02A440F9D00980667 /* Aeroh_LinkUITestsLaunchTests.swift */,
			);
			path = "Aeroh LinkUITests";
			sourceTree = "<group>";
		};
		917EB5D12AA633DF00407F43 /* Frameworks */ = {
			isa = PBXGroup;
			children = (
				917EB5D22AA633E000407F43 /* NetworkExtension.framework */,
			);
			name = Frameworks;
			sourceTree = "<group>";
		};
		918B84E72A4576C000C4FD75 /* View */ = {
			isa = PBXGroup;
			children = (
				58F022852A440F9C00980667 /* ContentView.swift */,
				918B84E82A4576D600C4FD75 /* OnboardingScreenView.swift */,
				918B84EA2A45798700C4FD75 /* SplashScreen.swift */,
				911FE6142A77AD630059E69C /* LoginScreen.swift */,
				911341412A49620200694A17 /* SignupScreen.swift */,
				91AD20CA2A5FC120008D521D /* HomeScreen.swift */,
				91BC848C2A8CC58100C4C46E /* SearchBluetoothDevices.swift */,
				91BC848E2A8D23F500C4C46E /* DeviceNamingScreen.swift */,
				918BEDC22AA212FC001CFF59 /* SettingsPage.swift */,
				91DC89A62A8FC8B60086A033 /* WifiConnectionScreen.swift */,
			);
			path = View;
			sourceTree = "<group>";
		};
		91AD20AD2A5FA621008D521D /* Controllers */ = {
			isa = PBXGroup;
			children = (
				91AD20B22A5FA744008D521D /* Utilities */,
				91AD20BE2A5FAA24008D521D /* APIManager.swift */,
				91AD20C02A5FAA49008D521D /* LoginController.swift */,
				91AD20AE2A5FA67C008D521D /* SignupController.swift */,
				91AD20B02A5FA736008D521D /* SignatureController.swift */,
				9193EF5D2A73F35900F4DBDB /* LoginManager.swift */,
				911FE6162A7D07160059E69C /* UserController.swift */,
				91CB07AF2A840BEF00573301 /* DeviceController.swift */,
			);
			path = Controllers;
			sourceTree = "<group>";
		};
		91AD20B22A5FA744008D521D /* Utilities */ = {
			isa = PBXGroup;
			children = (
				91AD20B32A5FA75F008D521D /* TimestampGenerator.swift */,
			);
			path = Utilities;
			sourceTree = "<group>";
		};
		91AD20B52A5FA7E8008D521D /* Model */ = {
			isa = PBXGroup;
			children = (
				9193EF5F2A740FFE00F4DBDB /* UserModel.swift */,
				91AD20B82A5FA80F008D521D /* KeyChainManager.swift */,
				911FE6182A8100D70059E69C /* UserInfo.swift */,
				91CB07B32A84EC3900573301 /* DeviceModel.swift */,
			);
			path = Model;
			sourceTree = "<group>";
		};
		91AD20C42A5FAB5B008D521D /* Constant */ = {
			isa = PBXGroup;
			children = (
				91AD20C52A5FAB70008D521D /* AppConstants.swift */,
				9193EF572A6E35BC00F4DBDB /* EnvConstants.swift */,
			);
			path = Constant;
			sourceTree = "<group>";
		};
/* End PBXGroup section */

/* Begin PBXNativeTarget section */
		58F0227F2A440F9C00980667 /* Aeroh Link */ = {
			isa = PBXNativeTarget;
			buildConfigurationList = 58F022A42A440F9D00980667 /* Build configuration list for PBXNativeTarget "Aeroh Link" */;
			buildPhases = (
				58F0227C2A440F9C00980667 /* Sources */,
				58F0227D2A440F9C00980667 /* Frameworks */,
				58F0227E2A440F9C00980667 /* Resources */,
			);
			buildRules = (
			);
			dependencies = (
			);
			name = "Aeroh Link";
			packageProductDependencies = (
				91AD20C82A5FB2D1008D521D /* Alamofire */,
			);
			productName = "Aeroh Link";
			productReference = 58F022802A440F9C00980667 /* Aeroh Link.app */;
			productType = "com.apple.product-type.application";
		};
		58F0228F2A440F9D00980667 /* Aeroh LinkTests */ = {
			isa = PBXNativeTarget;
			buildConfigurationList = 58F022A72A440F9D00980667 /* Build configuration list for PBXNativeTarget "Aeroh LinkTests" */;
			buildPhases = (
				58F0228C2A440F9D00980667 /* Sources */,
				58F0228D2A440F9D00980667 /* Frameworks */,
				58F0228E2A440F9D00980667 /* Resources */,
			);
			buildRules = (
			);
			dependencies = (
				58F022922A440F9D00980667 /* PBXTargetDependency */,
			);
			name = "Aeroh LinkTests";
			productName = "Aeroh LinkTests";
			productReference = 58F022902A440F9D00980667 /* Aeroh LinkTests.xctest */;
			productType = "com.apple.product-type.bundle.unit-test";
		};
		58F022992A440F9D00980667 /* Aeroh LinkUITests */ = {
			isa = PBXNativeTarget;
			buildConfigurationList = 58F022AA2A440F9D00980667 /* Build configuration list for PBXNativeTarget "Aeroh LinkUITests" */;
			buildPhases = (
				58F022962A440F9D00980667 /* Sources */,
				58F022972A440F9D00980667 /* Frameworks */,
				58F022982A440F9D00980667 /* Resources */,
			);
			buildRules = (
			);
			dependencies = (
				58F0229C2A440F9D00980667 /* PBXTargetDependency */,
			);
			name = "Aeroh LinkUITests";
			productName = "Aeroh LinkUITests";
			productReference = 58F0229A2A440F9D00980667 /* Aeroh LinkUITests.xctest */;
			productType = "com.apple.product-type.bundle.ui-testing";
		};
/* End PBXNativeTarget section */

/* Begin PBXProject section */
		58F022782A440F9C00980667 /* Project object */ = {
			isa = PBXProject;
			attributes = {
				BuildIndependentTargetsInParallel = 1;
				LastSwiftUpdateCheck = 1430;
				LastUpgradeCheck = 1430;
				TargetAttributes = {
					58F0227F2A440F9C00980667 = {
						CreatedOnToolsVersion = 14.3.1;
					};
					58F0228F2A440F9D00980667 = {
						CreatedOnToolsVersion = 14.3.1;
						TestTargetID = 58F0227F2A440F9C00980667;
					};
					58F022992A440F9D00980667 = {
						CreatedOnToolsVersion = 14.3.1;
						TestTargetID = 58F0227F2A440F9C00980667;
					};
				};
			};
			buildConfigurationList = 58F0227B2A440F9C00980667 /* Build configuration list for PBXProject "Aeroh Link" */;
			compatibilityVersion = "Xcode 14.0";
			developmentRegion = en;
			hasScannedForEncodings = 0;
			knownRegions = (
				en,
				Base,
			);
			mainGroup = 58F022772A440F9C00980667;
			packageReferences = (
				91AD20C72A5FB2D1008D521D /* XCRemoteSwiftPackageReference "Alamofire" */,
			);
			productRefGroup = 58F022812A440F9C00980667 /* Products */;
			projectDirPath = "";
			projectRoot = "";
			targets = (
				58F0227F2A440F9C00980667 /* Aeroh Link */,
				58F0228F2A440F9D00980667 /* Aeroh LinkTests */,
				58F022992A440F9D00980667 /* Aeroh LinkUITests */,
			);
		};
/* End PBXProject section */

/* Begin PBXResourcesBuildPhase section */
		58F0227E2A440F9C00980667 /* Resources */ = {
			isa = PBXResourcesBuildPhase;
			buildActionMask = 2147483647;
			files = (
				58F0228B2A440F9D00980667 /* Preview Assets.xcassets in Resources */,
				58F022882A440F9D00980667 /* Assets.xcassets in Resources */,
			);
			runOnlyForDeploymentPostprocessing = 0;
		};
		58F0228E2A440F9D00980667 /* Resources */ = {
			isa = PBXResourcesBuildPhase;
			buildActionMask = 2147483647;
			files = (
			);
			runOnlyForDeploymentPostprocessing = 0;
		};
		58F022982A440F9D00980667 /* Resources */ = {
			isa = PBXResourcesBuildPhase;
			buildActionMask = 2147483647;
			files = (
			);
			runOnlyForDeploymentPostprocessing = 0;
		};
/* End PBXResourcesBuildPhase section */

/* Begin PBXSourcesBuildPhase section */
		58F0227C2A440F9C00980667 /* Sources */ = {
			isa = PBXSourcesBuildPhase;
			buildActionMask = 2147483647;
			files = (
				91BC848D2A8CC58100C4C46E /* SearchBluetoothDevices.swift in Sources */,
				911FE6192A8100D70059E69C /* UserInfo.swift in Sources */,
				911FE6172A7D07160059E69C /* UserController.swift in Sources */,
				918BEDC32AA212FC001CFF59 /* SettingsPage.swift in Sources */,
				9193EF602A740FFE00F4DBDB /* UserModel.swift in Sources */,
				918B84EB2A45798700C4FD75 /* SplashScreen.swift in Sources */,
				9193EF5E2A73F35A00F4DBDB /* LoginManager.swift in Sources */,
				9193EF582A6E35BC00F4DBDB /* EnvConstants.swift in Sources */,
				91BC848F2A8D23F500C4C46E /* DeviceNamingScreen.swift in Sources */,
				91AD20C62A5FAB70008D521D /* AppConstants.swift in Sources */,
				91CB07B42A84EC3900573301 /* DeviceModel.swift in Sources */,
				58F022862A440F9C00980667 /* ContentView.swift in Sources */,
				91AD20B12A5FA736008D521D /* SignatureController.swift in Sources */,
				91AD20C12A5FAA49008D521D /* LoginController.swift in Sources */,
				911FE6152A77AD630059E69C /* LoginScreen.swift in Sources */,
				91AD20AF2A5FA67C008D521D /* SignupController.swift in Sources */,
				91AD20B92A5FA80F008D521D /* KeyChainManager.swift in Sources */,
				91AD20BF2A5FAA24008D521D /* APIManager.swift in Sources */,
				918B84E92A4576D600C4FD75 /* OnboardingScreenView.swift in Sources */,
				911341422A49620200694A17 /* SignupScreen.swift in Sources */,
				91AD20CB2A5FC120008D521D /* HomeScreen.swift in Sources */,
				91DC89A72A8FC8B60086A033 /* WifiConnectionScreen.swift in Sources */,
				91CB07B02A840BEF00573301 /* DeviceController.swift in Sources */,
				58F022842A440F9C00980667 /* Aeroh_LinkApp.swift in Sources */,
				91AD20B42A5FA75F008D521D /* TimestampGenerator.swift in Sources */,
			);
			runOnlyForDeploymentPostprocessing = 0;
		};
		58F0228C2A440F9D00980667 /* Sources */ = {
			isa = PBXSourcesBuildPhase;
			buildActionMask = 2147483647;
			files = (
				58F022952A440F9D00980667 /* Aeroh_LinkTests.swift in Sources */,
			);
			runOnlyForDeploymentPostprocessing = 0;
		};
		58F022962A440F9D00980667 /* Sources */ = {
			isa = PBXSourcesBuildPhase;
			buildActionMask = 2147483647;
			files = (
				58F022A12A440F9D00980667 /* Aeroh_LinkUITestsLaunchTests.swift in Sources */,
				58F0229F2A440F9D00980667 /* Aeroh_LinkUITests.swift in Sources */,
			);
			runOnlyForDeploymentPostprocessing = 0;
		};
/* End PBXSourcesBuildPhase section */

/* Begin PBXTargetDependency section */
		58F022922A440F9D00980667 /* PBXTargetDependency */ = {
			isa = PBXTargetDependency;
			target = 58F0227F2A440F9C00980667 /* Aeroh Link */;
			targetProxy = 58F022912A440F9D00980667 /* PBXContainerItemProxy */;
		};
		58F0229C2A440F9D00980667 /* PBXTargetDependency */ = {
			isa = PBXTargetDependency;
			target = 58F0227F2A440F9C00980667 /* Aeroh Link */;
			targetProxy = 58F0229B2A440F9D00980667 /* PBXContainerItemProxy */;
		};
/* End PBXTargetDependency section */

/* Begin XCBuildConfiguration section */
		58F022A22A440F9D00980667 /* Debug */ = {
			isa = XCBuildConfiguration;
			buildSettings = {
				ALWAYS_SEARCH_USER_PATHS = NO;
				CLANG_ANALYZER_NONNULL = YES;
				CLANG_ANALYZER_NUMBER_OBJECT_CONVERSION = YES_AGGRESSIVE;
				CLANG_CXX_LANGUAGE_STANDARD = "gnu++20";
				CLANG_ENABLE_MODULES = YES;
				CLANG_ENABLE_OBJC_ARC = YES;
				CLANG_ENABLE_OBJC_WEAK = YES;
				CLANG_WARN_BLOCK_CAPTURE_AUTORELEASING = YES;
				CLANG_WARN_BOOL_CONVERSION = YES;
				CLANG_WARN_COMMA = YES;
				CLANG_WARN_CONSTANT_CONVERSION = YES;
				CLANG_WARN_DEPRECATED_OBJC_IMPLEMENTATIONS = YES;
				CLANG_WARN_DIRECT_OBJC_ISA_USAGE = YES_ERROR;
				CLANG_WARN_DOCUMENTATION_COMMENTS = YES;
				CLANG_WARN_EMPTY_BODY = YES;
				CLANG_WARN_ENUM_CONVERSION = YES;
				CLANG_WARN_INFINITE_RECURSION = YES;
				CLANG_WARN_INT_CONVERSION = YES;
				CLANG_WARN_NON_LITERAL_NULL_CONVERSION = YES;
				CLANG_WARN_OBJC_IMPLICIT_RETAIN_SELF = YES;
				CLANG_WARN_OBJC_LITERAL_CONVERSION = YES;
				CLANG_WARN_OBJC_ROOT_CLASS = YES_ERROR;
				CLANG_WARN_QUOTED_INCLUDE_IN_FRAMEWORK_HEADER = YES;
				CLANG_WARN_RANGE_LOOP_ANALYSIS = YES;
				CLANG_WARN_STRICT_PROTOTYPES = YES;
				CLANG_WARN_SUSPICIOUS_MOVE = YES;
				CLANG_WARN_UNGUARDED_AVAILABILITY = YES_AGGRESSIVE;
				CLANG_WARN_UNREACHABLE_CODE = YES;
				CLANG_WARN__DUPLICATE_METHOD_MATCH = YES;
				COPY_PHASE_STRIP = NO;
				DEBUG_INFORMATION_FORMAT = dwarf;
				ENABLE_STRICT_OBJC_MSGSEND = YES;
				ENABLE_TESTABILITY = YES;
				GCC_C_LANGUAGE_STANDARD = gnu11;
				GCC_DYNAMIC_NO_PIC = NO;
				GCC_NO_COMMON_BLOCKS = YES;
				GCC_OPTIMIZATION_LEVEL = 0;
				GCC_PREPROCESSOR_DEFINITIONS = (
					"DEBUG=1",
					"$(inherited)",
				);
				GCC_WARN_64_TO_32_BIT_CONVERSION = YES;
				GCC_WARN_ABOUT_RETURN_TYPE = YES_ERROR;
				GCC_WARN_UNDECLARED_SELECTOR = YES;
				GCC_WARN_UNINITIALIZED_AUTOS = YES_AGGRESSIVE;
				GCC_WARN_UNUSED_FUNCTION = YES;
				GCC_WARN_UNUSED_VARIABLE = YES;
				IPHONEOS_DEPLOYMENT_TARGET = 16.4;
				MTL_ENABLE_DEBUG_INFO = INCLUDE_SOURCE;
				MTL_FAST_MATH = YES;
				ONLY_ACTIVE_ARCH = YES;
				SDKROOT = iphoneos;
				SWIFT_ACTIVE_COMPILATION_CONDITIONS = DEBUG;
				SWIFT_OPTIMIZATION_LEVEL = "-Onone";
			};
			name = Debug;
		};
		58F022A32A440F9D00980667 /* Release */ = {
			isa = XCBuildConfiguration;
			buildSettings = {
				ALWAYS_SEARCH_USER_PATHS = NO;
				CLANG_ANALYZER_NONNULL = YES;
				CLANG_ANALYZER_NUMBER_OBJECT_CONVERSION = YES_AGGRESSIVE;
				CLANG_CXX_LANGUAGE_STANDARD = "gnu++20";
				CLANG_ENABLE_MODULES = YES;
				CLANG_ENABLE_OBJC_ARC = YES;
				CLANG_ENABLE_OBJC_WEAK = YES;
				CLANG_WARN_BLOCK_CAPTURE_AUTORELEASING = YES;
				CLANG_WARN_BOOL_CONVERSION = YES;
				CLANG_WARN_COMMA = YES;
				CLANG_WARN_CONSTANT_CONVERSION = YES;
				CLANG_WARN_DEPRECATED_OBJC_IMPLEMENTATIONS = YES;
				CLANG_WARN_DIRECT_OBJC_ISA_USAGE = YES_ERROR;
				CLANG_WARN_DOCUMENTATION_COMMENTS = YES;
				CLANG_WARN_EMPTY_BODY = YES;
				CLANG_WARN_ENUM_CONVERSION = YES;
				CLANG_WARN_INFINITE_RECURSION = YES;
				CLANG_WARN_INT_CONVERSION = YES;
				CLANG_WARN_NON_LITERAL_NULL_CONVERSION = YES;
				CLANG_WARN_OBJC_IMPLICIT_RETAIN_SELF = YES;
				CLANG_WARN_OBJC_LITERAL_CONVERSION = YES;
				CLANG_WARN_OBJC_ROOT_CLASS = YES_ERROR;
				CLANG_WARN_QUOTED_INCLUDE_IN_FRAMEWORK_HEADER = YES;
				CLANG_WARN_RANGE_LOOP_ANALYSIS = YES;
				CLANG_WARN_STRICT_PROTOTYPES = YES;
				CLANG_WARN_SUSPICIOUS_MOVE = YES;
				CLANG_WARN_UNGUARDED_AVAILABILITY = YES_AGGRESSIVE;
				CLANG_WARN_UNREACHABLE_CODE = YES;
				CLANG_WARN__DUPLICATE_METHOD_MATCH = YES;
				COPY_PHASE_STRIP = NO;
				DEBUG_INFORMATION_FORMAT = "dwarf-with-dsym";
				ENABLE_NS_ASSERTIONS = NO;
				ENABLE_STRICT_OBJC_MSGSEND = YES;
				GCC_C_LANGUAGE_STANDARD = gnu11;
				GCC_NO_COMMON_BLOCKS = YES;
				GCC_WARN_64_TO_32_BIT_CONVERSION = YES;
				GCC_WARN_ABOUT_RETURN_TYPE = YES_ERROR;
				GCC_WARN_UNDECLARED_SELECTOR = YES;
				GCC_WARN_UNINITIALIZED_AUTOS = YES_AGGRESSIVE;
				GCC_WARN_UNUSED_FUNCTION = YES;
				GCC_WARN_UNUSED_VARIABLE = YES;
				IPHONEOS_DEPLOYMENT_TARGET = 16.4;
				MTL_ENABLE_DEBUG_INFO = NO;
				MTL_FAST_MATH = YES;
				SDKROOT = iphoneos;
				SWIFT_COMPILATION_MODE = wholemodule;
				SWIFT_OPTIMIZATION_LEVEL = "-O";
				VALIDATE_PRODUCT = YES;
			};
			name = Release;
		};
		58F022A52A440F9D00980667 /* Debug */ = {
			isa = XCBuildConfiguration;
			buildSettings = {
				ASSETCATALOG_COMPILER_APPICON_NAME = AppIcon;
				ASSETCATALOG_COMPILER_GLOBAL_ACCENT_COLOR_NAME = AccentColor;
				CODE_SIGN_STYLE = Automatic;
				CURRENT_PROJECT_VERSION = 1;
				DEVELOPMENT_ASSET_PATHS = "\"Aeroh Link/Preview Content\"";
				DEVELOPMENT_TEAM = 8MJ523L73A;
				ENABLE_PREVIEWS = YES;
				GENERATE_INFOPLIST_FILE = YES;
				INFOPLIST_FILE = "Aeroh-Link-Info.plist";
				INFOPLIST_KEY_UIApplicationSceneManifest_Generation = YES;
				INFOPLIST_KEY_UIApplicationSupportsIndirectInputEvents = YES;
				INFOPLIST_KEY_UIStatusBarStyle = UIStatusBarStyleDarkContent;
				INFOPLIST_KEY_UISupportedInterfaceOrientations = UIInterfaceOrientationPortrait;
				INFOPLIST_KEY_UISupportedInterfaceOrientations_iPad = "UIInterfaceOrientationLandscapeLeft UIInterfaceOrientationLandscapeRight UIInterfaceOrientationPortrait UIInterfaceOrientationPortraitUpsideDown";
				LD_RUNPATH_SEARCH_PATHS = (
					"$(inherited)",
					"@executable_path/Frameworks",
				);
				MARKETING_VERSION = 1.0;
				PRODUCT_BUNDLE_IDENTIFIER = "org.aeroh.Aeroh-Link";
				PRODUCT_NAME = "$(TARGET_NAME)";
				SUPPORTED_PLATFORMS = "iphoneos iphonesimulator";
				SUPPORTS_MACCATALYST = NO;
				SUPPORTS_MAC_DESIGNED_FOR_IPHONE_IPAD = NO;
				SWIFT_EMIT_LOC_STRINGS = YES;
				SWIFT_VERSION = 5.0;
				TARGETED_DEVICE_FAMILY = "1,2";
			};
			name = Debug;
		};
		58F022A62A440F9D00980667 /* Release */ = {
			isa = XCBuildConfiguration;
			buildSettings = {
				ASSETCATALOG_COMPILER_APPICON_NAME = AppIcon;
				ASSETCATALOG_COMPILER_GLOBAL_ACCENT_COLOR_NAME = AccentColor;
				CODE_SIGN_STYLE = Automatic;
				CURRENT_PROJECT_VERSION = 1;
				DEVELOPMENT_ASSET_PATHS = "\"Aeroh Link/Preview Content\"";
				DEVELOPMENT_TEAM = 8MJ523L73A;
				ENABLE_PREVIEWS = YES;
				GENERATE_INFOPLIST_FILE = YES;
				INFOPLIST_FILE = "Aeroh-Link-Info.plist";
				INFOPLIST_KEY_UIApplicationSceneManifest_Generation = YES;
				INFOPLIST_KEY_UIApplicationSupportsIndirectInputEvents = YES;
				INFOPLIST_KEY_UIStatusBarStyle = UIStatusBarStyleDarkContent;
				INFOPLIST_KEY_UISupportedInterfaceOrientations = UIInterfaceOrientationPortrait;
				INFOPLIST_KEY_UISupportedInterfaceOrientations_iPad = "UIInterfaceOrientationLandscapeLeft UIInterfaceOrientationLandscapeRight UIInterfaceOrientationPortrait UIInterfaceOrientationPortraitUpsideDown";
				LD_RUNPATH_SEARCH_PATHS = (
					"$(inherited)",
					"@executable_path/Frameworks",
				);
				MARKETING_VERSION = 1.0;
				PRODUCT_BUNDLE_IDENTIFIER = "org.aeroh.Aeroh-Link";
				PRODUCT_NAME = "$(TARGET_NAME)";
				SUPPORTED_PLATFORMS = "iphoneos iphonesimulator";
				SUPPORTS_MACCATALYST = NO;
				SUPPORTS_MAC_DESIGNED_FOR_IPHONE_IPAD = NO;
				SWIFT_EMIT_LOC_STRINGS = YES;
				SWIFT_VERSION = 5.0;
				TARGETED_DEVICE_FAMILY = "1,2";
			};
			name = Release;
		};
		58F022A82A440F9D00980667 /* Debug */ = {
			isa = XCBuildConfiguration;
			buildSettings = {
				ALWAYS_EMBED_SWIFT_STANDARD_LIBRARIES = YES;
				BUNDLE_LOADER = "$(TEST_HOST)";
				CODE_SIGN_STYLE = Automatic;
				CURRENT_PROJECT_VERSION = 1;
				GENERATE_INFOPLIST_FILE = YES;
				IPHONEOS_DEPLOYMENT_TARGET = 16.4;
				MARKETING_VERSION = 1.0;
				PRODUCT_BUNDLE_IDENTIFIER = "org.aeroh.Aeroh-LinkTests";
				PRODUCT_NAME = "$(TARGET_NAME)";
				SWIFT_EMIT_LOC_STRINGS = NO;
				SWIFT_VERSION = 5.0;
				TARGETED_DEVICE_FAMILY = "1,2";
				TEST_HOST = "$(BUILT_PRODUCTS_DIR)/Aeroh Link.app/$(BUNDLE_EXECUTABLE_FOLDER_PATH)/Aeroh Link";
			};
			name = Debug;
		};
		58F022A92A440F9D00980667 /* Release */ = {
			isa = XCBuildConfiguration;
			buildSettings = {
				ALWAYS_EMBED_SWIFT_STANDARD_LIBRARIES = YES;
				BUNDLE_LOADER = "$(TEST_HOST)";
				CODE_SIGN_STYLE = Automatic;
				CURRENT_PROJECT_VERSION = 1;
				GENERATE_INFOPLIST_FILE = YES;
				IPHONEOS_DEPLOYMENT_TARGET = 16.4;
				MARKETING_VERSION = 1.0;
				PRODUCT_BUNDLE_IDENTIFIER = "org.aeroh.Aeroh-LinkTests";
				PRODUCT_NAME = "$(TARGET_NAME)";
				SWIFT_EMIT_LOC_STRINGS = NO;
				SWIFT_VERSION = 5.0;
				TARGETED_DEVICE_FAMILY = "1,2";
				TEST_HOST = "$(BUILT_PRODUCTS_DIR)/Aeroh Link.app/$(BUNDLE_EXECUTABLE_FOLDER_PATH)/Aeroh Link";
			};
			name = Release;
		};
		58F022AB2A440F9D00980667 /* Debug */ = {
			isa = XCBuildConfiguration;
			buildSettings = {
				ALWAYS_EMBED_SWIFT_STANDARD_LIBRARIES = YES;
				CODE_SIGN_STYLE = Automatic;
				CURRENT_PROJECT_VERSION = 1;
				GENERATE_INFOPLIST_FILE = YES;
				MARKETING_VERSION = 1.0;
				PRODUCT_BUNDLE_IDENTIFIER = "org.aeroh.Aeroh-LinkUITests";
				PRODUCT_NAME = "$(TARGET_NAME)";
				SWIFT_EMIT_LOC_STRINGS = NO;
				SWIFT_VERSION = 5.0;
				TARGETED_DEVICE_FAMILY = "1,2";
				TEST_TARGET_NAME = "Aeroh Link";
			};
			name = Debug;
		};
		58F022AC2A440F9D00980667 /* Release */ = {
			isa = XCBuildConfiguration;
			buildSettings = {
				ALWAYS_EMBED_SWIFT_STANDARD_LIBRARIES = YES;
				CODE_SIGN_STYLE = Automatic;
				CURRENT_PROJECT_VERSION = 1;
				GENERATE_INFOPLIST_FILE = YES;
				MARKETING_VERSION = 1.0;
				PRODUCT_BUNDLE_IDENTIFIER = "org.aeroh.Aeroh-LinkUITests";
				PRODUCT_NAME = "$(TARGET_NAME)";
				SWIFT_EMIT_LOC_STRINGS = NO;
				SWIFT_VERSION = 5.0;
				TARGETED_DEVICE_FAMILY = "1,2";
				TEST_TARGET_NAME = "Aeroh Link";
			};
			name = Release;
		};
/* End XCBuildConfiguration section */

/* Begin XCConfigurationList section */
		58F0227B2A440F9C00980667 /* Build configuration list for PBXProject "Aeroh Link" */ = {
			isa = XCConfigurationList;
			buildConfigurations = (
				58F022A22A440F9D00980667 /* Debug */,
				58F022A32A440F9D00980667 /* Release */,
			);
			defaultConfigurationIsVisible = 0;
			defaultConfigurationName = Release;
		};
		58F022A42A440F9D00980667 /* Build configuration list for PBXNativeTarget "Aeroh Link" */ = {
			isa = XCConfigurationList;
			buildConfigurations = (
				58F022A52A440F9D00980667 /* Debug */,
				58F022A62A440F9D00980667 /* Release */,
			);
			defaultConfigurationIsVisible = 0;
			defaultConfigurationName = Release;
		};
		58F022A72A440F9D00980667 /* Build configuration list for PBXNativeTarget "Aeroh LinkTests" */ = {
			isa = XCConfigurationList;
			buildConfigurations = (
				58F022A82A440F9D00980667 /* Debug */,
				58F022A92A440F9D00980667 /* Release */,
			);
			defaultConfigurationIsVisible = 0;
			defaultConfigurationName = Release;
		};
		58F022AA2A440F9D00980667 /* Build configuration list for PBXNativeTarget "Aeroh LinkUITests" */ = {
			isa = XCConfigurationList;
			buildConfigurations = (
				58F022AB2A440F9D00980667 /* Debug */,
				58F022AC2A440F9D00980667 /* Release */,
			);
			defaultConfigurationIsVisible = 0;
			defaultConfigurationName = Release;
		};
/* End XCConfigurationList section */

/* Begin XCRemoteSwiftPackageReference section */
		91AD20C72A5FB2D1008D521D /* XCRemoteSwiftPackageReference "Alamofire" */ = {
			isa = XCRemoteSwiftPackageReference;
			repositoryURL = "https://github.com/Alamofire/Alamofire.git";
			requirement = {
				kind = upToNextMajorVersion;
				minimumVersion = 5.0.0;
			};
		};
/* End XCRemoteSwiftPackageReference section */

/* Begin XCSwiftPackageProductDependency section */
		91AD20C82A5FB2D1008D521D /* Alamofire */ = {
			isa = XCSwiftPackageProductDependency;
			package = 91AD20C72A5FB2D1008D521D /* XCRemoteSwiftPackageReference "Alamofire" */;
			productName = Alamofire;
		};
/* End XCSwiftPackageProductDependency section */
	};
	rootObject = 58F022782A440F9C00980667 /* Project object */;
}
